// !$*UTF8*$!
{
	archiveVersion = 1;
	classes = {
	};
	objectVersion = 52;
	objects = {

/* Begin PBXBuildFile section */
		733BEEEE2801B14200FD2166 /* Berlin:Germany.gpx in Resources */ = {isa = PBXBuildFile; fileRef = 733BEEED2801B14200FD2166 /* Berlin:Germany.gpx */; };
		733DA61327FC41BB001910E8 /* DescriptionFeatureAppApp.swift in Sources */ = {isa = PBXBuildFile; fileRef = 733DA61227FC41BB001910E8 /* DescriptionFeatureAppApp.swift */; };
		733DA61727FC41BB001910E8 /* Assets.xcassets in Resources */ = {isa = PBXBuildFile; fileRef = 733DA61627FC41BB001910E8 /* Assets.xcassets */; };
		733DA61A27FC41BB001910E8 /* Preview Assets.xcassets in Resources */ = {isa = PBXBuildFile; fileRef = 733DA61927FC41BB001910E8 /* Preview Assets.xcassets */; };
		733DA61F27FC41CC001910E8 /* DescriptionFeature in Frameworks */ = {isa = PBXBuildFile; productRef = 733DA61E27FC41CC001910E8 /* DescriptionFeature */; };
		734BED492618F12600CCA2ED /* Localizable.strings in Resources */ = {isa = PBXBuildFile; fileRef = 734BED4B2618F12600CCA2ED /* Localizable.strings */; };
		73719B5F261B8A09005E09A3 /* App.swift in Sources */ = {isa = PBXBuildFile; fileRef = 73719B5E261B8A09005E09A3 /* App.swift */; };
		73719BA6261F137D005E09A3 /* Settings.bundle in Resources */ = {isa = PBXBuildFile; fileRef = 73719BA5261F137D005E09A3 /* Settings.bundle */; };
		7389B35628336D11003A6F5A /* SettingsFeatureApp.swift in Sources */ = {isa = PBXBuildFile; fileRef = 7389B35528336D11003A6F5A /* SettingsFeatureApp.swift */; };
		7389B35828336D11003A6F5A /* ContentView.swift in Sources */ = {isa = PBXBuildFile; fileRef = 7389B35728336D11003A6F5A /* ContentView.swift */; };
		7389B35A28336D11003A6F5A /* Assets.xcassets in Resources */ = {isa = PBXBuildFile; fileRef = 7389B35928336D11003A6F5A /* Assets.xcassets */; };
		7389B35D28336D11003A6F5A /* Preview Assets.xcassets in Resources */ = {isa = PBXBuildFile; fileRef = 7389B35C28336D11003A6F5A /* Preview Assets.xcassets */; };
		7389B36228336D8F003A6F5A /* SettingsFeature in Frameworks */ = {isa = PBXBuildFile; productRef = 7389B36128336D8F003A6F5A /* SettingsFeature */; };
		9FB7509424878FDB00193948 /* README.md in Resources */ = {isa = PBXBuildFile; fileRef = 9FB7509324878FDB00193948 /* README.md */; };
		E053B36B27B9549F00B2F877 /* AppFeature in Frameworks */ = {isa = PBXBuildFile; productRef = E053B36A27B9549F00B2F877 /* AppFeature */; };
		F8347594234C61CF00244D6F /* Assets.xcassets in Resources */ = {isa = PBXBuildFile; fileRef = F8347593234C61CF00244D6F /* Assets.xcassets */; };
		F8347597234C61CF00244D6F /* Preview Assets.xcassets in Resources */ = {isa = PBXBuildFile; fileRef = F8347596234C61CF00244D6F /* Preview Assets.xcassets */; };
		F834759A234C61CF00244D6F /* LaunchScreen.storyboard in Resources */ = {isa = PBXBuildFile; fileRef = F8347598234C61CF00244D6F /* LaunchScreen.storyboard */; };
/* End PBXBuildFile section */

/* Begin PBXFileReference section */
		733BEEED2801B14200FD2166 /* Berlin:Germany.gpx */ = {isa = PBXFileReference; fileEncoding = 4; lastKnownFileType = text.xml; path = "Berlin:Germany.gpx"; sourceTree = "<group>"; };
		733DA61027FC41BB001910E8 /* DescriptionFeatureApp.app */ = {isa = PBXFileReference; explicitFileType = wrapper.application; includeInIndex = 0; path = DescriptionFeatureApp.app; sourceTree = BUILT_PRODUCTS_DIR; };
		733DA61227FC41BB001910E8 /* DescriptionFeatureAppApp.swift */ = {isa = PBXFileReference; lastKnownFileType = sourcecode.swift; path = DescriptionFeatureAppApp.swift; sourceTree = "<group>"; };
		733DA61627FC41BB001910E8 /* Assets.xcassets */ = {isa = PBXFileReference; lastKnownFileType = folder.assetcatalog; path = Assets.xcassets; sourceTree = "<group>"; };
		733DA61927FC41BB001910E8 /* Preview Assets.xcassets */ = {isa = PBXFileReference; lastKnownFileType = folder.assetcatalog; path = "Preview Assets.xcassets"; sourceTree = "<group>"; };
		734BED442618F0AD00CCA2ED /* de */ = {isa = PBXFileReference; lastKnownFileType = text.plist.strings; name = de; path = de.lproj/LaunchScreen.strings; sourceTree = "<group>"; };
		734BED4E2618F12A00CCA2ED /* de */ = {isa = PBXFileReference; lastKnownFileType = text.plist.strings; name = de; path = de.lproj/Localizable.strings; sourceTree = "<group>"; };
		73719B5E261B8A09005E09A3 /* App.swift */ = {isa = PBXFileReference; fileEncoding = 4; lastKnownFileType = sourcecode.swift; path = App.swift; sourceTree = "<group>"; };
		73719BA5261F137D005E09A3 /* Settings.bundle */ = {isa = PBXFileReference; lastKnownFileType = "wrapper.plug-in"; path = Settings.bundle; sourceTree = "<group>"; };
		73774AB027B0567A00BAE36F /* WegliKit */ = {isa = PBXFileReference; lastKnownFileType = wrapper; path = WegliKit; sourceTree = "<group>"; };
		7389B35328336D11003A6F5A /* SettingsFeatureApp.app */ = {isa = PBXFileReference; explicitFileType = wrapper.application; includeInIndex = 0; path = SettingsFeatureApp.app; sourceTree = BUILT_PRODUCTS_DIR; };
		7389B35528336D11003A6F5A /* SettingsFeatureApp.swift */ = {isa = PBXFileReference; lastKnownFileType = sourcecode.swift; path = SettingsFeatureApp.swift; sourceTree = "<group>"; };
		7389B35728336D11003A6F5A /* ContentView.swift */ = {isa = PBXFileReference; lastKnownFileType = sourcecode.swift; path = ContentView.swift; sourceTree = "<group>"; };
		7389B35928336D11003A6F5A /* Assets.xcassets */ = {isa = PBXFileReference; lastKnownFileType = folder.assetcatalog; path = Assets.xcassets; sourceTree = "<group>"; };
		7389B35C28336D11003A6F5A /* Preview Assets.xcassets */ = {isa = PBXFileReference; lastKnownFileType = folder.assetcatalog; path = "Preview Assets.xcassets"; sourceTree = "<group>"; };
		9FB7509324878FDB00193948 /* README.md */ = {isa = PBXFileReference; fileEncoding = 4; lastKnownFileType = net.daringfireball.markdown; path = README.md; sourceTree = "<group>"; };
		E01AD8C227B9B54D00942F7C /* weg-li.xctestplan */ = {isa = PBXFileReference; lastKnownFileType = text; path = "weg-li.xctestplan"; sourceTree = "<group>"; };
		F834758A234C61CE00244D6F /* weg-li.app */ = {isa = PBXFileReference; explicitFileType = wrapper.application; includeInIndex = 0; path = "weg-li.app"; sourceTree = BUILT_PRODUCTS_DIR; };
		F8347593234C61CF00244D6F /* Assets.xcassets */ = {isa = PBXFileReference; lastKnownFileType = folder.assetcatalog; path = Assets.xcassets; sourceTree = "<group>"; };
		F8347596234C61CF00244D6F /* Preview Assets.xcassets */ = {isa = PBXFileReference; lastKnownFileType = folder.assetcatalog; path = "Preview Assets.xcassets"; sourceTree = "<group>"; };
		F8347599234C61CF00244D6F /* Base */ = {isa = PBXFileReference; lastKnownFileType = file.storyboard; name = Base; path = Base.lproj/LaunchScreen.storyboard; sourceTree = "<group>"; };
		F834759B234C61CF00244D6F /* Info.plist */ = {isa = PBXFileReference; lastKnownFileType = text.plist.xml; path = Info.plist; sourceTree = "<group>"; };
/* End PBXFileReference section */

/* Begin PBXFrameworksBuildPhase section */
		733DA60D27FC41BB001910E8 /* Frameworks */ = {
			isa = PBXFrameworksBuildPhase;
			buildActionMask = 2147483647;
			files = (
				733DA61F27FC41CC001910E8 /* DescriptionFeature in Frameworks */,
			);
			runOnlyForDeploymentPostprocessing = 0;
		};
		7389B35028336D11003A6F5A /* Frameworks */ = {
			isa = PBXFrameworksBuildPhase;
			buildActionMask = 2147483647;
			files = (
				7389B36228336D8F003A6F5A /* SettingsFeature in Frameworks */,
			);
			runOnlyForDeploymentPostprocessing = 0;
		};
		F8347587234C61CE00244D6F /* Frameworks */ = {
			isa = PBXFrameworksBuildPhase;
			buildActionMask = 2147483647;
			files = (
				E053B36B27B9549F00B2F877 /* AppFeature in Frameworks */,
			);
			runOnlyForDeploymentPostprocessing = 0;
		};
/* End PBXFrameworksBuildPhase section */

/* Begin PBXGroup section */
		733DA61127FC41BB001910E8 /* DescriptionFeatureApp */ = {
			isa = PBXGroup;
			children = (
				733DA61227FC41BB001910E8 /* DescriptionFeatureAppApp.swift */,
				733DA61627FC41BB001910E8 /* Assets.xcassets */,
				733DA61827FC41BB001910E8 /* Preview Content */,
			);
			path = DescriptionFeatureApp;
			sourceTree = "<group>";
		};
		733DA61827FC41BB001910E8 /* Preview Content */ = {
			isa = PBXGroup;
			children = (
				733DA61927FC41BB001910E8 /* Preview Assets.xcassets */,
			);
			path = "Preview Content";
			sourceTree = "<group>";
		};
		73774AB127B0586600BAE36F /* Frameworks */ = {
			isa = PBXGroup;
			children = (
			);
			name = Frameworks;
			sourceTree = "<group>";
		};
		7389B35428336D11003A6F5A /* SettingsFeatureApp */ = {
			isa = PBXGroup;
			children = (
				7389B35528336D11003A6F5A /* SettingsFeatureApp.swift */,
				7389B35728336D11003A6F5A /* ContentView.swift */,
				7389B35928336D11003A6F5A /* Assets.xcassets */,
				7389B35B28336D11003A6F5A /* Preview Content */,
			);
			path = SettingsFeatureApp;
			sourceTree = "<group>";
		};
		7389B35B28336D11003A6F5A /* Preview Content */ = {
			isa = PBXGroup;
			children = (
				7389B35C28336D11003A6F5A /* Preview Assets.xcassets */,
			);
			path = "Preview Content";
			sourceTree = "<group>";
		};
		9FB750A92487BCA600193948 /* Resources */ = {
			isa = PBXGroup;
			children = (
				F8347595234C61CF00244D6F /* Preview Content */,
				F8347593234C61CF00244D6F /* Assets.xcassets */,
				F834759B234C61CF00244D6F /* Info.plist */,
				F8347598234C61CF00244D6F /* LaunchScreen.storyboard */,
				734BED4B2618F12600CCA2ED /* Localizable.strings */,
			);
			path = Resources;
			sourceTree = "<group>";
		};
		9FB750AA2487BCE600193948 /* iOS App */ = {
			isa = PBXGroup;
			children = (
				73719B5E261B8A09005E09A3 /* App.swift */,
				9FB750A92487BCA600193948 /* Resources */,
			);
			path = "iOS App";
			sourceTree = "<group>";
		};
		F8347581234C61CE00244D6F = {
			isa = PBXGroup;
			children = (
				73774AB027B0567A00BAE36F /* WegliKit */,
				73719BA5261F137D005E09A3 /* Settings.bundle */,
				9FB7509324878FDB00193948 /* README.md */,
				733BEEED2801B14200FD2166 /* Berlin:Germany.gpx */,
				F834758C234C61CE00244D6F /* weg-li */,
				733DA61127FC41BB001910E8 /* DescriptionFeatureApp */,
				7389B35428336D11003A6F5A /* SettingsFeatureApp */,
				F834758B234C61CE00244D6F /* Products */,
				73774AB127B0586600BAE36F /* Frameworks */,
			);
			sourceTree = "<group>";
		};
		F834758B234C61CE00244D6F /* Products */ = {
			isa = PBXGroup;
			children = (
				F834758A234C61CE00244D6F /* weg-li.app */,
				733DA61027FC41BB001910E8 /* DescriptionFeatureApp.app */,
				7389B35328336D11003A6F5A /* SettingsFeatureApp.app */,
			);
			name = Products;
			sourceTree = "<group>";
		};
		F834758C234C61CE00244D6F /* weg-li */ = {
			isa = PBXGroup;
			children = (
				9FB750AA2487BCE600193948 /* iOS App */,
				E01AD8C227B9B54D00942F7C /* weg-li.xctestplan */,
			);
			path = "weg-li";
			sourceTree = "<group>";
		};
		F8347595234C61CF00244D6F /* Preview Content */ = {
			isa = PBXGroup;
			children = (
				F8347596234C61CF00244D6F /* Preview Assets.xcassets */,
			);
			path = "Preview Content";
			sourceTree = "<group>";
		};
/* End PBXGroup section */

/* Begin PBXNativeTarget section */
		733DA60F27FC41BB001910E8 /* DescriptionFeatureApp */ = {
			isa = PBXNativeTarget;
			buildConfigurationList = 733DA61D27FC41BB001910E8 /* Build configuration list for PBXNativeTarget "DescriptionFeatureApp" */;
			buildPhases = (
				733DA60C27FC41BB001910E8 /* Sources */,
				733DA60D27FC41BB001910E8 /* Frameworks */,
				733DA60E27FC41BB001910E8 /* Resources */,
			);
			buildRules = (
			);
			dependencies = (
			);
			name = DescriptionFeatureApp;
			packageProductDependencies = (
				733DA61E27FC41CC001910E8 /* DescriptionFeature */,
			);
			productName = DescriptionFeatureApp;
			productReference = 733DA61027FC41BB001910E8 /* DescriptionFeatureApp.app */;
			productType = "com.apple.product-type.application";
		};
		7389B35228336D11003A6F5A /* SettingsFeatureApp */ = {
			isa = PBXNativeTarget;
			buildConfigurationList = 7389B35E28336D11003A6F5A /* Build configuration list for PBXNativeTarget "SettingsFeatureApp" */;
			buildPhases = (
				7389B34F28336D11003A6F5A /* Sources */,
				7389B35028336D11003A6F5A /* Frameworks */,
				7389B35128336D11003A6F5A /* Resources */,
			);
			buildRules = (
			);
			dependencies = (
			);
			name = SettingsFeatureApp;
			packageProductDependencies = (
				7389B36128336D8F003A6F5A /* SettingsFeature */,
			);
			productName = SettingsFeatureApp;
			productReference = 7389B35328336D11003A6F5A /* SettingsFeatureApp.app */;
			productType = "com.apple.product-type.application";
		};
		F8347589234C61CE00244D6F /* weg-li */ = {
			isa = PBXNativeTarget;
			buildConfigurationList = F834759E234C61CF00244D6F /* Build configuration list for PBXNativeTarget "weg-li" */;
			buildPhases = (
				F8347586234C61CE00244D6F /* Sources */,
				F8347587234C61CE00244D6F /* Frameworks */,
				F8347588234C61CE00244D6F /* Resources */,
				9F8575F124B789FF000ABA01 /* Swiftlint */,
			);
			buildRules = (
			);
			dependencies = (
			);
			name = "weg-li";
			packageProductDependencies = (
				E053B36A27B9549F00B2F877 /* AppFeature */,
			);
			productName = "weg-li";
			productReference = F834758A234C61CE00244D6F /* weg-li.app */;
			productType = "com.apple.product-type.application";
		};
/* End PBXNativeTarget section */

/* Begin PBXProject section */
		F8347582234C61CE00244D6F /* Project object */ = {
			isa = PBXProject;
			attributes = {
				LastSwiftUpdateCheck = 1330;
				LastUpgradeCheck = 1240;
				ORGANIZATIONNAME = weg.li;
				TargetAttributes = {
					733DA60F27FC41BB001910E8 = {
						CreatedOnToolsVersion = 13.2;
					};
					7389B35228336D11003A6F5A = {
						CreatedOnToolsVersion = 13.3.1;
					};
					F8347589234C61CE00244D6F = {
						CreatedOnToolsVersion = 11.1;
					};
				};
			};
			buildConfigurationList = F8347585234C61CE00244D6F /* Build configuration list for PBXProject "weg-li" */;
			compatibilityVersion = "Xcode 9.3";
			developmentRegion = en;
			hasScannedForEncodings = 0;
			knownRegions = (
				en,
				de,
				Base,
			);
			mainGroup = F8347581234C61CE00244D6F;
			packageReferences = (
			);
			productRefGroup = F834758B234C61CE00244D6F /* Products */;
			projectDirPath = "";
			projectRoot = "";
			targets = (
				F8347589234C61CE00244D6F /* weg-li */,
				733DA60F27FC41BB001910E8 /* DescriptionFeatureApp */,
				7389B35228336D11003A6F5A /* SettingsFeatureApp */,
			);
		};
/* End PBXProject section */

/* Begin PBXResourcesBuildPhase section */
		733DA60E27FC41BB001910E8 /* Resources */ = {
			isa = PBXResourcesBuildPhase;
			buildActionMask = 2147483647;
			files = (
				733DA61A27FC41BB001910E8 /* Preview Assets.xcassets in Resources */,
				733DA61727FC41BB001910E8 /* Assets.xcassets in Resources */,
			);
			runOnlyForDeploymentPostprocessing = 0;
		};
		7389B35128336D11003A6F5A /* Resources */ = {
			isa = PBXResourcesBuildPhase;
			buildActionMask = 2147483647;
			files = (
				7389B35D28336D11003A6F5A /* Preview Assets.xcassets in Resources */,
				7389B35A28336D11003A6F5A /* Assets.xcassets in Resources */,
			);
			runOnlyForDeploymentPostprocessing = 0;
		};
		F8347588234C61CE00244D6F /* Resources */ = {
			isa = PBXResourcesBuildPhase;
			buildActionMask = 2147483647;
			files = (
				73719BA6261F137D005E09A3 /* Settings.bundle in Resources */,
				F834759A234C61CF00244D6F /* LaunchScreen.storyboard in Resources */,
				F8347597234C61CF00244D6F /* Preview Assets.xcassets in Resources */,
				9FB7509424878FDB00193948 /* README.md in Resources */,
				734BED492618F12600CCA2ED /* Localizable.strings in Resources */,
				F8347594234C61CF00244D6F /* Assets.xcassets in Resources */,
				733BEEEE2801B14200FD2166 /* Berlin:Germany.gpx in Resources */,
			);
			runOnlyForDeploymentPostprocessing = 0;
		};
/* End PBXResourcesBuildPhase section */

/* Begin PBXShellScriptBuildPhase section */
		9F8575F124B789FF000ABA01 /* Swiftlint */ = {
			isa = PBXShellScriptBuildPhase;
			buildActionMask = 2147483647;
			files = (
			);
			inputFileListPaths = (
			);
			inputPaths = (
			);
			name = Swiftlint;
			outputFileListPaths = (
			);
			outputPaths = (
			);
			runOnlyForDeploymentPostprocessing = 0;
			shellPath = /bin/sh;
			shellScript = "export PATH=\"$PATH:/opt/homebrew/bin\"\n\nif which swiftlint >/dev/null; then\n  swiftlint\nelse\n  echo \"warning: SwiftLint not installed, download from https://github.com/realm/SwiftLint\"\nfi\n";
		};
/* End PBXShellScriptBuildPhase section */

/* Begin PBXSourcesBuildPhase section */
		733DA60C27FC41BB001910E8 /* Sources */ = {
			isa = PBXSourcesBuildPhase;
			buildActionMask = 2147483647;
			files = (
				733DA61327FC41BB001910E8 /* DescriptionFeatureAppApp.swift in Sources */,
			);
			runOnlyForDeploymentPostprocessing = 0;
		};
		7389B34F28336D11003A6F5A /* Sources */ = {
			isa = PBXSourcesBuildPhase;
			buildActionMask = 2147483647;
			files = (
				7389B35828336D11003A6F5A /* ContentView.swift in Sources */,
				7389B35628336D11003A6F5A /* SettingsFeatureApp.swift in Sources */,
			);
			runOnlyForDeploymentPostprocessing = 0;
		};
		F8347586234C61CE00244D6F /* Sources */ = {
			isa = PBXSourcesBuildPhase;
			buildActionMask = 2147483647;
			files = (
				73719B5F261B8A09005E09A3 /* App.swift in Sources */,
			);
			runOnlyForDeploymentPostprocessing = 0;
		};
/* End PBXSourcesBuildPhase section */

/* Begin PBXVariantGroup section */
		734BED4B2618F12600CCA2ED /* Localizable.strings */ = {
			isa = PBXVariantGroup;
			children = (
				734BED4E2618F12A00CCA2ED /* de */,
			);
			name = Localizable.strings;
			sourceTree = "<group>";
		};
		F8347598234C61CF00244D6F /* LaunchScreen.storyboard */ = {
			isa = PBXVariantGroup;
			children = (
				F8347599234C61CF00244D6F /* Base */,
				734BED442618F0AD00CCA2ED /* de */,
			);
			name = LaunchScreen.storyboard;
			sourceTree = "<group>";
		};
/* End PBXVariantGroup section */

/* Begin XCBuildConfiguration section */
		733DA61B27FC41BB001910E8 /* Debug */ = {
			isa = XCBuildConfiguration;
			buildSettings = {
				ASSETCATALOG_COMPILER_APPICON_NAME = AppIcon;
				ASSETCATALOG_COMPILER_GLOBAL_ACCENT_COLOR_NAME = AccentColor;
				CLANG_CXX_LANGUAGE_STANDARD = "gnu++17";
				CODE_SIGN_STYLE = Automatic;
				CURRENT_PROJECT_VERSION = 1;
				DEVELOPMENT_ASSET_PATHS = "\"DescriptionFeatureApp/Preview Content\"";
				DEVELOPMENT_TEAM = QDDL89SBZ7;
				ENABLE_PREVIEWS = YES;
				GENERATE_INFOPLIST_FILE = YES;
				INFOPLIST_KEY_UIApplicationSceneManifest_Generation = YES;
				INFOPLIST_KEY_UIApplicationSupportsIndirectInputEvents = YES;
				INFOPLIST_KEY_UILaunchScreen_Generation = YES;
				INFOPLIST_KEY_UISupportedInterfaceOrientations_iPad = "UIInterfaceOrientationPortrait UIInterfaceOrientationPortraitUpsideDown UIInterfaceOrientationLandscapeLeft UIInterfaceOrientationLandscapeRight";
				INFOPLIST_KEY_UISupportedInterfaceOrientations_iPhone = "UIInterfaceOrientationPortrait UIInterfaceOrientationLandscapeLeft UIInterfaceOrientationLandscapeRight";
				IPHONEOS_DEPLOYMENT_TARGET = 15.2;
				LD_RUNPATH_SEARCH_PATHS = (
					"$(inherited)",
					"@executable_path/Frameworks",
				);
				MARKETING_VERSION = 1.0;
				PRODUCT_BUNDLE_IDENTIFIER = li.weg.DescriptionFeatureApp;
				PRODUCT_NAME = "$(TARGET_NAME)";
				SWIFT_EMIT_LOC_STRINGS = YES;
				SWIFT_VERSION = 5.0;
				TARGETED_DEVICE_FAMILY = "1,2";
			};
			name = Debug;
		};
		733DA61C27FC41BB001910E8 /* Release */ = {
			isa = XCBuildConfiguration;
			buildSettings = {
				ASSETCATALOG_COMPILER_APPICON_NAME = AppIcon;
				ASSETCATALOG_COMPILER_GLOBAL_ACCENT_COLOR_NAME = AccentColor;
				CLANG_CXX_LANGUAGE_STANDARD = "gnu++17";
				CODE_SIGN_STYLE = Automatic;
				CURRENT_PROJECT_VERSION = 1;
				DEVELOPMENT_ASSET_PATHS = "\"DescriptionFeatureApp/Preview Content\"";
				DEVELOPMENT_TEAM = QDDL89SBZ7;
				ENABLE_PREVIEWS = YES;
				GENERATE_INFOPLIST_FILE = YES;
				INFOPLIST_KEY_UIApplicationSceneManifest_Generation = YES;
				INFOPLIST_KEY_UIApplicationSupportsIndirectInputEvents = YES;
				INFOPLIST_KEY_UILaunchScreen_Generation = YES;
				INFOPLIST_KEY_UISupportedInterfaceOrientations_iPad = "UIInterfaceOrientationPortrait UIInterfaceOrientationPortraitUpsideDown UIInterfaceOrientationLandscapeLeft UIInterfaceOrientationLandscapeRight";
				INFOPLIST_KEY_UISupportedInterfaceOrientations_iPhone = "UIInterfaceOrientationPortrait UIInterfaceOrientationLandscapeLeft UIInterfaceOrientationLandscapeRight";
				IPHONEOS_DEPLOYMENT_TARGET = 15.2;
				LD_RUNPATH_SEARCH_PATHS = (
					"$(inherited)",
					"@executable_path/Frameworks",
				);
				MARKETING_VERSION = 1.0;
				PRODUCT_BUNDLE_IDENTIFIER = li.weg.DescriptionFeatureApp;
				PRODUCT_NAME = "$(TARGET_NAME)";
				SWIFT_EMIT_LOC_STRINGS = YES;
				SWIFT_VERSION = 5.0;
				TARGETED_DEVICE_FAMILY = "1,2";
			};
			name = Release;
		};
		7389B35F28336D11003A6F5A /* Debug */ = {
			isa = XCBuildConfiguration;
			buildSettings = {
				ASSETCATALOG_COMPILER_APPICON_NAME = AppIcon;
				ASSETCATALOG_COMPILER_GLOBAL_ACCENT_COLOR_NAME = AccentColor;
				CLANG_CXX_LANGUAGE_STANDARD = "gnu++17";
				CODE_SIGN_STYLE = Automatic;
				CURRENT_PROJECT_VERSION = 1;
				DEVELOPMENT_ASSET_PATHS = "\"SettingsFeatureApp/Preview Content\"";
				DEVELOPMENT_TEAM = QDDL89SBZ7;
				ENABLE_PREVIEWS = YES;
				GENERATE_INFOPLIST_FILE = YES;
				INFOPLIST_KEY_UIApplicationSceneManifest_Generation = YES;
				INFOPLIST_KEY_UIApplicationSupportsIndirectInputEvents = YES;
				INFOPLIST_KEY_UILaunchScreen_Generation = YES;
				INFOPLIST_KEY_UISupportedInterfaceOrientations_iPad = "UIInterfaceOrientationPortrait UIInterfaceOrientationPortraitUpsideDown UIInterfaceOrientationLandscapeLeft UIInterfaceOrientationLandscapeRight";
				INFOPLIST_KEY_UISupportedInterfaceOrientations_iPhone = "UIInterfaceOrientationPortrait UIInterfaceOrientationLandscapeLeft UIInterfaceOrientationLandscapeRight";
				IPHONEOS_DEPLOYMENT_TARGET = 15.4;
				LD_RUNPATH_SEARCH_PATHS = (
					"$(inherited)",
					"@executable_path/Frameworks",
				);
				MARKETING_VERSION = 1.0;
				PRODUCT_BUNDLE_IDENTIFIER = li.weg.iosClient.SettingsFeatureApp;
				PRODUCT_NAME = "$(TARGET_NAME)";
				SWIFT_EMIT_LOC_STRINGS = YES;
				SWIFT_VERSION = 5.0;
				TARGETED_DEVICE_FAMILY = "1,2";
			};
			name = Debug;
		};
		7389B36028336D11003A6F5A /* Release */ = {
			isa = XCBuildConfiguration;
			buildSettings = {
				ASSETCATALOG_COMPILER_APPICON_NAME = AppIcon;
				ASSETCATALOG_COMPILER_GLOBAL_ACCENT_COLOR_NAME = AccentColor;
				CLANG_CXX_LANGUAGE_STANDARD = "gnu++17";
				CODE_SIGN_STYLE = Automatic;
				CURRENT_PROJECT_VERSION = 1;
				DEVELOPMENT_ASSET_PATHS = "\"SettingsFeatureApp/Preview Content\"";
				DEVELOPMENT_TEAM = QDDL89SBZ7;
				ENABLE_PREVIEWS = YES;
				GENERATE_INFOPLIST_FILE = YES;
				INFOPLIST_KEY_UIApplicationSceneManifest_Generation = YES;
				INFOPLIST_KEY_UIApplicationSupportsIndirectInputEvents = YES;
				INFOPLIST_KEY_UILaunchScreen_Generation = YES;
				INFOPLIST_KEY_UISupportedInterfaceOrientations_iPad = "UIInterfaceOrientationPortrait UIInterfaceOrientationPortraitUpsideDown UIInterfaceOrientationLandscapeLeft UIInterfaceOrientationLandscapeRight";
				INFOPLIST_KEY_UISupportedInterfaceOrientations_iPhone = "UIInterfaceOrientationPortrait UIInterfaceOrientationLandscapeLeft UIInterfaceOrientationLandscapeRight";
				IPHONEOS_DEPLOYMENT_TARGET = 15.4;
				LD_RUNPATH_SEARCH_PATHS = (
					"$(inherited)",
					"@executable_path/Frameworks",
				);
				MARKETING_VERSION = 1.0;
				PRODUCT_BUNDLE_IDENTIFIER = li.weg.iosClient.SettingsFeatureApp;
				PRODUCT_NAME = "$(TARGET_NAME)";
				SWIFT_EMIT_LOC_STRINGS = YES;
				SWIFT_VERSION = 5.0;
				TARGETED_DEVICE_FAMILY = "1,2";
			};
			name = Release;
		};
		F834759C234C61CF00244D6F /* Debug */ = {
			isa = XCBuildConfiguration;
			buildSettings = {
				ALWAYS_SEARCH_USER_PATHS = NO;
				CLANG_ANALYZER_LOCALIZABILITY_NONLOCALIZED = YES;
				CLANG_ANALYZER_NONNULL = YES;
				CLANG_ANALYZER_NUMBER_OBJECT_CONVERSION = YES_AGGRESSIVE;
				CLANG_CXX_LANGUAGE_STANDARD = "gnu++14";
				CLANG_CXX_LIBRARY = "libc++";
				CLANG_ENABLE_MODULES = YES;
				CLANG_ENABLE_OBJC_ARC = YES;
				CLANG_ENABLE_OBJC_WEAK = YES;
				CLANG_WARN_BLOCK_CAPTURE_AUTORELEASING = YES;
				CLANG_WARN_BOOL_CONVERSION = YES;
				CLANG_WARN_COMMA = YES;
				CLANG_WARN_CONSTANT_CONVERSION = YES;
				CLANG_WARN_DEPRECATED_OBJC_IMPLEMENTATIONS = YES;
				CLANG_WARN_DIRECT_OBJC_ISA_USAGE = YES_ERROR;
				CLANG_WARN_DOCUMENTATION_COMMENTS = YES;
				CLANG_WARN_EMPTY_BODY = YES;
				CLANG_WARN_ENUM_CONVERSION = YES;
				CLANG_WARN_INFINITE_RECURSION = YES;
				CLANG_WARN_INT_CONVERSION = YES;
				CLANG_WARN_NON_LITERAL_NULL_CONVERSION = YES;
				CLANG_WARN_OBJC_IMPLICIT_RETAIN_SELF = YES;
				CLANG_WARN_OBJC_LITERAL_CONVERSION = YES;
				CLANG_WARN_OBJC_ROOT_CLASS = YES_ERROR;
				CLANG_WARN_QUOTED_INCLUDE_IN_FRAMEWORK_HEADER = YES;
				CLANG_WARN_RANGE_LOOP_ANALYSIS = YES;
				CLANG_WARN_STRICT_PROTOTYPES = YES;
				CLANG_WARN_SUSPICIOUS_MOVE = YES;
				CLANG_WARN_UNGUARDED_AVAILABILITY = YES_AGGRESSIVE;
				CLANG_WARN_UNREACHABLE_CODE = YES;
				CLANG_WARN__DUPLICATE_METHOD_MATCH = YES;
				COPY_PHASE_STRIP = NO;
				DEBUG_INFORMATION_FORMAT = dwarf;
				ENABLE_BITCODE = NO;
				ENABLE_STRICT_OBJC_MSGSEND = YES;
				ENABLE_TESTABILITY = YES;
				GCC_C_LANGUAGE_STANDARD = gnu11;
				GCC_DYNAMIC_NO_PIC = NO;
				GCC_NO_COMMON_BLOCKS = YES;
				GCC_OPTIMIZATION_LEVEL = 0;
				GCC_PREPROCESSOR_DEFINITIONS = (
					"DEBUG=1",
					"$(inherited)",
				);
				GCC_WARN_64_TO_32_BIT_CONVERSION = YES;
				GCC_WARN_ABOUT_RETURN_TYPE = YES_ERROR;
				GCC_WARN_UNDECLARED_SELECTOR = YES;
				GCC_WARN_UNINITIALIZED_AUTOS = YES_AGGRESSIVE;
				GCC_WARN_UNUSED_FUNCTION = YES;
				GCC_WARN_UNUSED_VARIABLE = YES;
				IPHONEOS_DEPLOYMENT_TARGET = 15.0;
				MTL_ENABLE_DEBUG_INFO = INCLUDE_SOURCE;
				MTL_FAST_MATH = YES;
				ONLY_ACTIVE_ARCH = YES;
				SDKROOT = iphoneos;
				SWIFT_ACTIVE_COMPILATION_CONDITIONS = DEBUG;
				SWIFT_OPTIMIZATION_LEVEL = "-Onone";
			};
			name = Debug;
		};
		F834759D234C61CF00244D6F /* Release */ = {
			isa = XCBuildConfiguration;
			buildSettings = {
				ALWAYS_SEARCH_USER_PATHS = NO;
				CLANG_ANALYZER_LOCALIZABILITY_NONLOCALIZED = YES;
				CLANG_ANALYZER_NONNULL = YES;
				CLANG_ANALYZER_NUMBER_OBJECT_CONVERSION = YES_AGGRESSIVE;
				CLANG_CXX_LANGUAGE_STANDARD = "gnu++14";
				CLANG_CXX_LIBRARY = "libc++";
				CLANG_ENABLE_MODULES = YES;
				CLANG_ENABLE_OBJC_ARC = YES;
				CLANG_ENABLE_OBJC_WEAK = YES;
				CLANG_WARN_BLOCK_CAPTURE_AUTORELEASING = YES;
				CLANG_WARN_BOOL_CONVERSION = YES;
				CLANG_WARN_COMMA = YES;
				CLANG_WARN_CONSTANT_CONVERSION = YES;
				CLANG_WARN_DEPRECATED_OBJC_IMPLEMENTATIONS = YES;
				CLANG_WARN_DIRECT_OBJC_ISA_USAGE = YES_ERROR;
				CLANG_WARN_DOCUMENTATION_COMMENTS = YES;
				CLANG_WARN_EMPTY_BODY = YES;
				CLANG_WARN_ENUM_CONVERSION = YES;
				CLANG_WARN_INFINITE_RECURSION = YES;
				CLANG_WARN_INT_CONVERSION = YES;
				CLANG_WARN_NON_LITERAL_NULL_CONVERSION = YES;
				CLANG_WARN_OBJC_IMPLICIT_RETAIN_SELF = YES;
				CLANG_WARN_OBJC_LITERAL_CONVERSION = YES;
				CLANG_WARN_OBJC_ROOT_CLASS = YES_ERROR;
				CLANG_WARN_QUOTED_INCLUDE_IN_FRAMEWORK_HEADER = YES;
				CLANG_WARN_RANGE_LOOP_ANALYSIS = YES;
				CLANG_WARN_STRICT_PROTOTYPES = YES;
				CLANG_WARN_SUSPICIOUS_MOVE = YES;
				CLANG_WARN_UNGUARDED_AVAILABILITY = YES_AGGRESSIVE;
				CLANG_WARN_UNREACHABLE_CODE = YES;
				CLANG_WARN__DUPLICATE_METHOD_MATCH = YES;
				COPY_PHASE_STRIP = NO;
				DEBUG_INFORMATION_FORMAT = "dwarf-with-dsym";
				ENABLE_BITCODE = NO;
				ENABLE_NS_ASSERTIONS = NO;
				ENABLE_STRICT_OBJC_MSGSEND = YES;
				GCC_C_LANGUAGE_STANDARD = gnu11;
				GCC_NO_COMMON_BLOCKS = YES;
				GCC_WARN_64_TO_32_BIT_CONVERSION = YES;
				GCC_WARN_ABOUT_RETURN_TYPE = YES_ERROR;
				GCC_WARN_UNDECLARED_SELECTOR = YES;
				GCC_WARN_UNINITIALIZED_AUTOS = YES_AGGRESSIVE;
				GCC_WARN_UNUSED_FUNCTION = YES;
				GCC_WARN_UNUSED_VARIABLE = YES;
				IPHONEOS_DEPLOYMENT_TARGET = 15.0;
				MTL_ENABLE_DEBUG_INFO = NO;
				MTL_FAST_MATH = YES;
				SDKROOT = iphoneos;
				SWIFT_COMPILATION_MODE = wholemodule;
				SWIFT_OPTIMIZATION_LEVEL = "-O";
				VALIDATE_PRODUCT = YES;
			};
			name = Release;
		};
		F834759F234C61CF00244D6F /* Debug */ = {
			isa = XCBuildConfiguration;
			buildSettings = {
				ASSETCATALOG_COMPILER_APPICON_NAME = AppIcon;
				CODE_SIGN_IDENTITY = "Apple Development";
				CODE_SIGN_STYLE = Automatic;
				CURRENT_PROJECT_VERSION = 25;
				DEVELOPMENT_ASSET_PATHS = "weg-li/iOS\\ App/Resources/Preview\\ Content";
				DEVELOPMENT_TEAM = QDDL89SBZ7;
				ENABLE_BITCODE = NO;
				ENABLE_PREVIEWS = YES;
				INFOPLIST_FILE = "weg-li/iOS App/Resources/Info.plist";
				LD_RUNPATH_SEARCH_PATHS = (
					"$(inherited)",
					"@executable_path/Frameworks",
				);
				PRODUCT_BUNDLE_IDENTIFIER = li.weg.app.ios;
				PRODUCT_NAME = "weg-li";
				PROVISIONING_PROFILE_SPECIFIER = "";
				SWIFT_VERSION = 5.0;
				TARGETED_DEVICE_FAMILY = "1,2";
			};
			name = Debug;
		};
		F83475A0234C61CF00244D6F /* Release */ = {
			isa = XCBuildConfiguration;
			buildSettings = {
				ASSETCATALOG_COMPILER_APPICON_NAME = AppIcon;
				CODE_SIGN_IDENTITY = "Apple Development";
				CODE_SIGN_STYLE = Automatic;
				CURRENT_PROJECT_VERSION = 25;
				DEVELOPMENT_ASSET_PATHS = "weg-li/iOS\\ App/Resources/Preview\\ Content";
				DEVELOPMENT_TEAM = QDDL89SBZ7;
				ENABLE_BITCODE = NO;
				ENABLE_PREVIEWS = YES;
				INFOPLIST_FILE = "weg-li/iOS App/Resources/Info.plist";
				LD_RUNPATH_SEARCH_PATHS = (
					"$(inherited)",
					"@executable_path/Frameworks",
				);
				PRODUCT_BUNDLE_IDENTIFIER = li.weg.app.ios;
				PRODUCT_NAME = "weg-li";
				PROVISIONING_PROFILE_SPECIFIER = "";
				SWIFT_VERSION = 5.0;
				TARGETED_DEVICE_FAMILY = "1,2";
			};
			name = Release;
		};
/* End XCBuildConfiguration section */

/* Begin XCConfigurationList section */
		733DA61D27FC41BB001910E8 /* Build configuration list for PBXNativeTarget "DescriptionFeatureApp" */ = {
			isa = XCConfigurationList;
			buildConfigurations = (
				733DA61B27FC41BB001910E8 /* Debug */,
				733DA61C27FC41BB001910E8 /* Release */,
			);
			defaultConfigurationIsVisible = 0;
			defaultConfigurationName = Release;
		};
		7389B35E28336D11003A6F5A /* Build configuration list for PBXNativeTarget "SettingsFeatureApp" */ = {
			isa = XCConfigurationList;
			buildConfigurations = (
				7389B35F28336D11003A6F5A /* Debug */,
				7389B36028336D11003A6F5A /* Release */,
			);
			defaultConfigurationIsVisible = 0;
			defaultConfigurationName = Release;
		};
		F8347585234C61CE00244D6F /* Build configuration list for PBXProject "weg-li" */ = {
			isa = XCConfigurationList;
			buildConfigurations = (
				F834759C234C61CF00244D6F /* Debug */,
				F834759D234C61CF00244D6F /* Release */,
			);
			defaultConfigurationIsVisible = 0;
			defaultConfigurationName = Release;
		};
		F834759E234C61CF00244D6F /* Build configuration list for PBXNativeTarget "weg-li" */ = {
			isa = XCConfigurationList;
			buildConfigurations = (
				F834759F234C61CF00244D6F /* Debug */,
				F83475A0234C61CF00244D6F /* Release */,
			);
			defaultConfigurationIsVisible = 0;
			defaultConfigurationName = Release;
		};
/* End XCConfigurationList section */

/* Begin XCSwiftPackageProductDependency section */
		733DA61E27FC41CC001910E8 /* DescriptionFeature */ = {
			isa = XCSwiftPackageProductDependency;
			productName = DescriptionFeature;
		};
		7389B36128336D8F003A6F5A /* SettingsFeature */ = {
			isa = XCSwiftPackageProductDependency;
			productName = SettingsFeature;
		};
		E053B36A27B9549F00B2F877 /* AppFeature */ = {
			isa = XCSwiftPackageProductDependency;
			productName = AppFeature;
		};
/* End XCSwiftPackageProductDependency section */
	};
	rootObject = F8347582234C61CE00244D6F /* Project object */;
}
