// !$*UTF8*$!
{
	archiveVersion = 1;
	classes = {
	};
	objectVersion = 50;
	objects = {

/* Begin PBXBuildFile section */
		9F0C2708249777F4001B1908 /* EditButtonStyle.swift in Sources */ = {isa = PBXBuildFile; fileRef = 9F0C2707249777F4001B1908 /* EditButtonStyle.swift */; };
		9F0C270A24977943001B1908 /* ToggleButton.swift in Sources */ = {isa = PBXBuildFile; fileRef = 9F0C270924977943001B1908 /* ToggleButton.swift */; };
		9F24263A248ACDF600318989 /* Contact.swift in Sources */ = {isa = PBXBuildFile; fileRef = 9F242639248ACDF600318989 /* Contact.swift */; };
		9F2EB23A24961CEE008B2D4E /* DescriptionWidgetView.swift in Sources */ = {isa = PBXBuildFile; fileRef = 9F2EB23924961CEE008B2D4E /* DescriptionWidgetView.swift */; };
		9F2EB23C2496A03E008B2D4E /* Array+Additions.swift in Sources */ = {isa = PBXBuildFile; fileRef = 9F2EB23B2496A03E008B2D4E /* Array+Additions.swift */; };
		9F4BD317249B653200C6C44D /* DateFormatter+Additions.swift in Sources */ = {isa = PBXBuildFile; fileRef = 9F4BD316249B653200C6C44D /* DateFormatter+Additions.swift */; };
		9F6498492488F34800514BD3 /* PersonsalDataRepository.swift in Sources */ = {isa = PBXBuildFile; fileRef = 9F6498482488F34800514BD3 /* PersonsalDataRepository.swift */; };
		9F64984D2488F3EA00514BD3 /* PersonalDataWidget.swift in Sources */ = {isa = PBXBuildFile; fileRef = 9F64984C2488F3EA00514BD3 /* PersonalDataWidget.swift */; };
		9F6498572489460300514BD3 /* DataRow.swift in Sources */ = {isa = PBXBuildFile; fileRef = 9F6498562489460300514BD3 /* DataRow.swift */; };
		9F73E8FA24878D91002E22F4 /* ImagePicker.swift in Sources */ = {isa = PBXBuildFile; fileRef = 9F73E8F624878D91002E22F4 /* ImagePicker.swift */; };
		9F73E8FB24878D91002E22F4 /* ImageGrid.swift in Sources */ = {isa = PBXBuildFile; fileRef = 9F73E8F724878D91002E22F4 /* ImageGrid.swift */; };
		9F73E8FD24878D91002E22F4 /* ImageDataStore.swift in Sources */ = {isa = PBXBuildFile; fileRef = 9F73E8F924878D91002E22F4 /* ImageDataStore.swift */; };
		9F73E90224878E2F002E22F4 /* ImagePickerButtons.swift in Sources */ = {isa = PBXBuildFile; fileRef = 9F73E90124878E2F002E22F4 /* ImagePickerButtons.swift */; };
		9F8575F024B788BA000ABA01 /* PersonalDataViewModelTests.swift in Sources */ = {isa = PBXBuildFile; fileRef = 9F8575EF24B788BA000ABA01 /* PersonalDataViewModelTests.swift */; };
		9F98A7BE248EB25400E06AA4 /* GeoCodeProvider.swift in Sources */ = {isa = PBXBuildFile; fileRef = 9F98A7BD248EB25400E06AA4 /* GeoCodeProvider.swift */; };
		9F98A7C0248F38F100E06AA4 /* Binding+Additions.swift in Sources */ = {isa = PBXBuildFile; fileRef = 9F98A7BF248F38F100E06AA4 /* Binding+Additions.swift */; };
		9F9C4308248BAC5900FF514B /* EnvironmentContainer.swift in Sources */ = {isa = PBXBuildFile; fileRef = 9F9C4307248BAC5900FF514B /* EnvironmentContainer.swift */; };
		9F9C430B248E24BD00FF514B /* AppState.swift in Sources */ = {isa = PBXBuildFile; fileRef = 9F9C430A248E24BD00FF514B /* AppState.swift */; };
		9F9C430D248E24DD00FF514B /* AppAction.swift in Sources */ = {isa = PBXBuildFile; fileRef = 9F9C430C248E24DD00FF514B /* AppAction.swift */; };
		9F9C430F248E250000FF514B /* Store.swift in Sources */ = {isa = PBXBuildFile; fileRef = 9F9C430E248E250000FF514B /* Store.swift */; };
		9F9C4311248E251F00FF514B /* Reducer.swift in Sources */ = {isa = PBXBuildFile; fileRef = 9F9C4310248E251F00FF514B /* Reducer.swift */; };
		9FA3AA7824979ED6002EDC7D /* MailView.swift in Sources */ = {isa = PBXBuildFile; fileRef = 9FA3AA7724979ED6002EDC7D /* MailView.swift */; };
		9FA3AA7A2497A0AD002EDC7D /* MailContentView.swift in Sources */ = {isa = PBXBuildFile; fileRef = 9FA3AA792497A0AD002EDC7D /* MailContentView.swift */; };
		9FA3AA802498B80C002EDC7D /* Report.swift in Sources */ = {isa = PBXBuildFile; fileRef = 9FA3AA7F2498B80C002EDC7D /* Report.swift */; };
		9FB5B12C2498BECB00830770 /* Bundle+Additions.swift in Sources */ = {isa = PBXBuildFile; fileRef = 9FB5B12B2498BECB00830770 /* Bundle+Additions.swift */; };
		9FB5B12F2498C2C100830770 /* Time.swift in Sources */ = {isa = PBXBuildFile; fileRef = 9FB5B12E2498C2C100830770 /* Time.swift */; };
		9FB5B13924994CF300830770 /* CLLocationCoordinate2D+Additions.swift in Sources */ = {isa = PBXBuildFile; fileRef = 9FB5B13824994CF300830770 /* CLLocationCoordinate2D+Additions.swift */; };
		9FB5B13B2499DBE500830770 /* districts.json in Resources */ = {isa = PBXBuildFile; fileRef = 9FB5B13A2499DBE500830770 /* districts.json */; };
		9FB5B13F2499DC4400830770 /* District.swift in Sources */ = {isa = PBXBuildFile; fileRef = 9FB5B13E2499DC4400830770 /* District.swift */; };
		9FB5B1412499F6BD00830770 /* PublicAffairsOfficeMatcher.swift in Sources */ = {isa = PBXBuildFile; fileRef = 9FB5B1402499F6BD00830770 /* PublicAffairsOfficeMatcher.swift */; };
		9FB7509424878FDB00193948 /* README.md in Resources */ = {isa = PBXBuildFile; fileRef = 9FB7509324878FDB00193948 /* README.md */; };
		9FB750A22487B09500193948 /* PersonalData.swift in Sources */ = {isa = PBXBuildFile; fileRef = 9FB7509E2487B09500193948 /* PersonalData.swift */; };
		9FB750A52487B0FC00193948 /* PersonalDataViewModel.swift in Sources */ = {isa = PBXBuildFile; fileRef = 9FB750A42487B0FC00193948 /* PersonalDataViewModel.swift */; };
		9FB750A82487B16D00193948 /* UserDefault+PropertyWrapper.swift in Sources */ = {isa = PBXBuildFile; fileRef = 9FB750A72487B16D00193948 /* UserDefault+PropertyWrapper.swift */; };
		9FB750B02487BEFA00193948 /* View+Additions.swift in Sources */ = {isa = PBXBuildFile; fileRef = 9FB750AF2487BEF900193948 /* View+Additions.swift */; };
		9FD61415248FB69500D6A41B /* ExifReader.swift in Sources */ = {isa = PBXBuildFile; fileRef = 9FD61414248FB69500D6A41B /* ExifReader.swift */; };
		9FDB4633248FD868009E743A /* String+Builder.swift in Sources */ = {isa = PBXBuildFile; fileRef = 9FDB4632248FD868009E743A /* String+Builder.swift */; };
		9FDB5B432498BBC600BE2AEA /* charges.json in Resources */ = {isa = PBXBuildFile; fileRef = 9FDB5B422498BBC600BE2AEA /* charges.json */; };
		9FFBAD62248E94CE00F66ADB /* Location.swift in Sources */ = {isa = PBXBuildFile; fileRef = 9FFBAD60248E94CE00F66ADB /* Location.swift */; };
		9FFBAD63248E94CE00F66ADB /* LocationProvider.swift in Sources */ = {isa = PBXBuildFile; fileRef = 9FFBAD61248E94CE00F66ADB /* LocationProvider.swift */; };
		9FFBAD65248E975700F66ADB /* MapView.swift in Sources */ = {isa = PBXBuildFile; fileRef = 9FFBAD64248E975700F66ADB /* MapView.swift */; };
		9FFBAD67248E979200F66ADB /* ActivityIndicator.swift in Sources */ = {isa = PBXBuildFile; fileRef = 9FFBAD66248E979200F66ADB /* ActivityIndicator.swift */; };
		F834758E234C61CE00244D6F /* AppDelegate.swift in Sources */ = {isa = PBXBuildFile; fileRef = F834758D234C61CE00244D6F /* AppDelegate.swift */; };
		F8347590234C61CE00244D6F /* SceneDelegate.swift in Sources */ = {isa = PBXBuildFile; fileRef = F834758F234C61CE00244D6F /* SceneDelegate.swift */; };
		F8347594234C61CF00244D6F /* Assets.xcassets in Resources */ = {isa = PBXBuildFile; fileRef = F8347593234C61CF00244D6F /* Assets.xcassets */; };
		F8347597234C61CF00244D6F /* Preview Assets.xcassets in Resources */ = {isa = PBXBuildFile; fileRef = F8347596234C61CF00244D6F /* Preview Assets.xcassets */; };
		F834759A234C61CF00244D6F /* LaunchScreen.storyboard in Resources */ = {isa = PBXBuildFile; fileRef = F8347598234C61CF00244D6F /* LaunchScreen.storyboard */; };
		F83853CF234D11A900DF1A9D /* DiscardButton.swift in Sources */ = {isa = PBXBuildFile; fileRef = F83853CE234D11A900DF1A9D /* DiscardButton.swift */; };
		F889751A234E015E0014FCC8 /* Images.swift in Sources */ = {isa = PBXBuildFile; fileRef = F8897519234E015E0014FCC8 /* Images.swift */; };
		F889751E234E01770014FCC8 /* Description.swift in Sources */ = {isa = PBXBuildFile; fileRef = F889751D234E01770014FCC8 /* Description.swift */; };
		F8EDCA80234CB3CD001E8D9C /* SubmitButton.swift in Sources */ = {isa = PBXBuildFile; fileRef = F8EDCA7F234CB3CD001E8D9C /* SubmitButton.swift */; };
		F8EDCA82234CB8B7001E8D9C /* Widget.swift in Sources */ = {isa = PBXBuildFile; fileRef = F8EDCA81234CB8B7001E8D9C /* Widget.swift */; };
		F8EDCA84234CBC81001E8D9C /* MainView.swift in Sources */ = {isa = PBXBuildFile; fileRef = F8EDCA83234CBC81001E8D9C /* MainView.swift */; };
		F8EDCA86234CBCE2001E8D9C /* ReportForm.swift in Sources */ = {isa = PBXBuildFile; fileRef = F8EDCA85234CBCE2001E8D9C /* ReportForm.swift */; };
/* End PBXBuildFile section */

/* Begin PBXContainerItemProxy section */
		9F971E92247ABFCB00A68959 /* PBXContainerItemProxy */ = {
			isa = PBXContainerItemProxy;
			containerPortal = F8347582234C61CE00244D6F /* Project object */;
			proxyType = 1;
			remoteGlobalIDString = F8347589234C61CE00244D6F;
			remoteInfo = "weg-li";
		};
/* End PBXContainerItemProxy section */

/* Begin PBXFileReference section */
		9F0C2707249777F4001B1908 /* EditButtonStyle.swift */ = {isa = PBXFileReference; lastKnownFileType = sourcecode.swift; path = EditButtonStyle.swift; sourceTree = "<group>"; };
		9F0C270924977943001B1908 /* ToggleButton.swift */ = {isa = PBXFileReference; lastKnownFileType = sourcecode.swift; path = ToggleButton.swift; sourceTree = "<group>"; };
		9F242639248ACDF600318989 /* Contact.swift */ = {isa = PBXFileReference; lastKnownFileType = sourcecode.swift; path = Contact.swift; sourceTree = "<group>"; };
		9F2EB23924961CEE008B2D4E /* DescriptionWidgetView.swift */ = {isa = PBXFileReference; lastKnownFileType = sourcecode.swift; path = DescriptionWidgetView.swift; sourceTree = "<group>"; };
		9F2EB23B2496A03E008B2D4E /* Array+Additions.swift */ = {isa = PBXFileReference; lastKnownFileType = sourcecode.swift; path = "Array+Additions.swift"; sourceTree = "<group>"; };
		9F4BD316249B653200C6C44D /* DateFormatter+Additions.swift */ = {isa = PBXFileReference; lastKnownFileType = sourcecode.swift; path = "DateFormatter+Additions.swift"; sourceTree = "<group>"; };
		9F6498482488F34800514BD3 /* PersonsalDataRepository.swift */ = {isa = PBXFileReference; lastKnownFileType = sourcecode.swift; path = PersonsalDataRepository.swift; sourceTree = "<group>"; };
		9F64984C2488F3EA00514BD3 /* PersonalDataWidget.swift */ = {isa = PBXFileReference; lastKnownFileType = sourcecode.swift; path = PersonalDataWidget.swift; sourceTree = "<group>"; };
		9F6498562489460300514BD3 /* DataRow.swift */ = {isa = PBXFileReference; lastKnownFileType = sourcecode.swift; path = DataRow.swift; sourceTree = "<group>"; };
		9F73E8F624878D91002E22F4 /* ImagePicker.swift */ = {isa = PBXFileReference; fileEncoding = 4; lastKnownFileType = sourcecode.swift; name = ImagePicker.swift; path = "weg-li/Features/Images/View/ImagePicker.swift"; sourceTree = SOURCE_ROOT; };
		9F73E8F724878D91002E22F4 /* ImageGrid.swift */ = {isa = PBXFileReference; fileEncoding = 4; lastKnownFileType = sourcecode.swift; name = ImageGrid.swift; path = "weg-li/Features/Images/View/ImageGrid.swift"; sourceTree = SOURCE_ROOT; };
		9F73E8F924878D91002E22F4 /* ImageDataStore.swift */ = {isa = PBXFileReference; fileEncoding = 4; lastKnownFileType = sourcecode.swift; name = ImageDataStore.swift; path = "weg-li/ImageDataStore.swift"; sourceTree = SOURCE_ROOT; };
		9F73E90124878E2F002E22F4 /* ImagePickerButtons.swift */ = {isa = PBXFileReference; fileEncoding = 4; lastKnownFileType = sourcecode.swift; path = ImagePickerButtons.swift; sourceTree = "<group>"; };
		9F8575EE24B788BA000ABA01 /* weg-liTests-Bridging-Header.h */ = {isa = PBXFileReference; lastKnownFileType = sourcecode.c.h; path = "weg-liTests-Bridging-Header.h"; sourceTree = "<group>"; };
		9F8575EF24B788BA000ABA01 /* PersonalDataViewModelTests.swift */ = {isa = PBXFileReference; lastKnownFileType = sourcecode.swift; path = PersonalDataViewModelTests.swift; sourceTree = "<group>"; };
		9F971E8D247ABFCB00A68959 /* weg-liTests.xctest */ = {isa = PBXFileReference; explicitFileType = wrapper.cfbundle; includeInIndex = 0; path = "weg-liTests.xctest"; sourceTree = BUILT_PRODUCTS_DIR; };
		9F971E91247ABFCB00A68959 /* Info.plist */ = {isa = PBXFileReference; lastKnownFileType = text.plist.xml; path = Info.plist; sourceTree = "<group>"; };
		9F98A7BD248EB25400E06AA4 /* GeoCodeProvider.swift */ = {isa = PBXFileReference; lastKnownFileType = sourcecode.swift; path = GeoCodeProvider.swift; sourceTree = "<group>"; };
		9F98A7BF248F38F100E06AA4 /* Binding+Additions.swift */ = {isa = PBXFileReference; lastKnownFileType = sourcecode.swift; path = "Binding+Additions.swift"; sourceTree = "<group>"; };
		9F9C4307248BAC5900FF514B /* EnvironmentContainer.swift */ = {isa = PBXFileReference; lastKnownFileType = sourcecode.swift; path = EnvironmentContainer.swift; sourceTree = "<group>"; };
		9F9C430A248E24BD00FF514B /* AppState.swift */ = {isa = PBXFileReference; lastKnownFileType = sourcecode.swift; path = AppState.swift; sourceTree = "<group>"; };
		9F9C430C248E24DD00FF514B /* AppAction.swift */ = {isa = PBXFileReference; lastKnownFileType = sourcecode.swift; path = AppAction.swift; sourceTree = "<group>"; };
		9F9C430E248E250000FF514B /* Store.swift */ = {isa = PBXFileReference; lastKnownFileType = sourcecode.swift; path = Store.swift; sourceTree = "<group>"; };
		9F9C4310248E251F00FF514B /* Reducer.swift */ = {isa = PBXFileReference; lastKnownFileType = sourcecode.swift; path = Reducer.swift; sourceTree = "<group>"; };
		9FA3AA7724979ED6002EDC7D /* MailView.swift */ = {isa = PBXFileReference; lastKnownFileType = sourcecode.swift; path = MailView.swift; sourceTree = "<group>"; };
		9FA3AA792497A0AD002EDC7D /* MailContentView.swift */ = {isa = PBXFileReference; lastKnownFileType = sourcecode.swift; path = MailContentView.swift; sourceTree = "<group>"; };
		9FA3AA7F2498B80C002EDC7D /* Report.swift */ = {isa = PBXFileReference; lastKnownFileType = sourcecode.swift; path = Report.swift; sourceTree = "<group>"; };
		9FB5B12B2498BECB00830770 /* Bundle+Additions.swift */ = {isa = PBXFileReference; lastKnownFileType = sourcecode.swift; path = "Bundle+Additions.swift"; sourceTree = "<group>"; };
		9FB5B12E2498C2C100830770 /* Time.swift */ = {isa = PBXFileReference; lastKnownFileType = sourcecode.swift; path = Time.swift; sourceTree = "<group>"; };
		9FB5B13824994CF300830770 /* CLLocationCoordinate2D+Additions.swift */ = {isa = PBXFileReference; fileEncoding = 4; lastKnownFileType = sourcecode.swift; path = "CLLocationCoordinate2D+Additions.swift"; sourceTree = "<group>"; };
		9FB5B13A2499DBE500830770 /* districts.json */ = {isa = PBXFileReference; fileEncoding = 4; lastKnownFileType = text.json; name = districts.json; path = Ressources/districts.json; sourceTree = SOURCE_ROOT; };
		9FB5B13E2499DC4400830770 /* District.swift */ = {isa = PBXFileReference; lastKnownFileType = sourcecode.swift; path = District.swift; sourceTree = "<group>"; };
		9FB5B1402499F6BD00830770 /* PublicAffairsOfficeMatcher.swift */ = {isa = PBXFileReference; lastKnownFileType = sourcecode.swift; path = PublicAffairsOfficeMatcher.swift; sourceTree = "<group>"; };
		9FB7509324878FDB00193948 /* README.md */ = {isa = PBXFileReference; fileEncoding = 4; lastKnownFileType = net.daringfireball.markdown; path = README.md; sourceTree = "<group>"; };
		9FB7509E2487B09500193948 /* PersonalData.swift */ = {isa = PBXFileReference; fileEncoding = 4; lastKnownFileType = sourcecode.swift; path = PersonalData.swift; sourceTree = "<group>"; };
		9FB750A42487B0FC00193948 /* PersonalDataViewModel.swift */ = {isa = PBXFileReference; fileEncoding = 4; lastKnownFileType = sourcecode.swift; path = PersonalDataViewModel.swift; sourceTree = "<group>"; };
		9FB750A72487B16D00193948 /* UserDefault+PropertyWrapper.swift */ = {isa = PBXFileReference; fileEncoding = 4; lastKnownFileType = sourcecode.swift; name = "UserDefault+PropertyWrapper.swift"; path = "weg-li/UserDefault+PropertyWrapper.swift"; sourceTree = SOURCE_ROOT; };
		9FB750AF2487BEF900193948 /* View+Additions.swift */ = {isa = PBXFileReference; lastKnownFileType = sourcecode.swift; path = "View+Additions.swift"; sourceTree = "<group>"; };
		9FD61414248FB69500D6A41B /* ExifReader.swift */ = {isa = PBXFileReference; lastKnownFileType = sourcecode.swift; path = ExifReader.swift; sourceTree = "<group>"; };
		9FDB4632248FD868009E743A /* String+Builder.swift */ = {isa = PBXFileReference; lastKnownFileType = sourcecode.swift; path = "String+Builder.swift"; sourceTree = "<group>"; };
		9FDB5B422498BBC600BE2AEA /* charges.json */ = {isa = PBXFileReference; fileEncoding = 4; lastKnownFileType = text.json; path = charges.json; sourceTree = "<group>"; };
		9FFBAD60248E94CE00F66ADB /* Location.swift */ = {isa = PBXFileReference; fileEncoding = 4; lastKnownFileType = sourcecode.swift; path = Location.swift; sourceTree = "<group>"; };
		9FFBAD61248E94CE00F66ADB /* LocationProvider.swift */ = {isa = PBXFileReference; fileEncoding = 4; lastKnownFileType = sourcecode.swift; path = LocationProvider.swift; sourceTree = "<group>"; };
		9FFBAD64248E975700F66ADB /* MapView.swift */ = {isa = PBXFileReference; lastKnownFileType = sourcecode.swift; path = MapView.swift; sourceTree = "<group>"; };
		9FFBAD66248E979200F66ADB /* ActivityIndicator.swift */ = {isa = PBXFileReference; lastKnownFileType = sourcecode.swift; path = ActivityIndicator.swift; sourceTree = "<group>"; };
		F834758A234C61CE00244D6F /* weg-li.app */ = {isa = PBXFileReference; explicitFileType = wrapper.application; includeInIndex = 0; path = "weg-li.app"; sourceTree = BUILT_PRODUCTS_DIR; };
		F834758D234C61CE00244D6F /* AppDelegate.swift */ = {isa = PBXFileReference; lastKnownFileType = sourcecode.swift; path = AppDelegate.swift; sourceTree = "<group>"; };
		F834758F234C61CE00244D6F /* SceneDelegate.swift */ = {isa = PBXFileReference; lastKnownFileType = sourcecode.swift; path = SceneDelegate.swift; sourceTree = "<group>"; };
		F8347593234C61CF00244D6F /* Assets.xcassets */ = {isa = PBXFileReference; lastKnownFileType = folder.assetcatalog; path = Assets.xcassets; sourceTree = "<group>"; };
		F8347596234C61CF00244D6F /* Preview Assets.xcassets */ = {isa = PBXFileReference; lastKnownFileType = folder.assetcatalog; path = "Preview Assets.xcassets"; sourceTree = "<group>"; };
		F8347599234C61CF00244D6F /* Base */ = {isa = PBXFileReference; lastKnownFileType = file.storyboard; name = Base; path = Base.lproj/LaunchScreen.storyboard; sourceTree = "<group>"; };
		F834759B234C61CF00244D6F /* Info.plist */ = {isa = PBXFileReference; lastKnownFileType = text.plist.xml; path = Info.plist; sourceTree = "<group>"; };
		F83853CE234D11A900DF1A9D /* DiscardButton.swift */ = {isa = PBXFileReference; lastKnownFileType = sourcecode.swift; path = DiscardButton.swift; sourceTree = "<group>"; };
		F8897519234E015E0014FCC8 /* Images.swift */ = {isa = PBXFileReference; lastKnownFileType = sourcecode.swift; path = Images.swift; sourceTree = "<group>"; };
		F889751D234E01770014FCC8 /* Description.swift */ = {isa = PBXFileReference; lastKnownFileType = sourcecode.swift; path = Description.swift; sourceTree = "<group>"; };
		F8EDCA7F234CB3CD001E8D9C /* SubmitButton.swift */ = {isa = PBXFileReference; lastKnownFileType = sourcecode.swift; path = SubmitButton.swift; sourceTree = "<group>"; };
		F8EDCA81234CB8B7001E8D9C /* Widget.swift */ = {isa = PBXFileReference; lastKnownFileType = sourcecode.swift; path = Widget.swift; sourceTree = "<group>"; };
		F8EDCA83234CBC81001E8D9C /* MainView.swift */ = {isa = PBXFileReference; lastKnownFileType = sourcecode.swift; path = MainView.swift; sourceTree = "<group>"; };
		F8EDCA85234CBCE2001E8D9C /* ReportForm.swift */ = {isa = PBXFileReference; lastKnownFileType = sourcecode.swift; path = ReportForm.swift; sourceTree = "<group>"; };
/* End PBXFileReference section */

/* Begin PBXFrameworksBuildPhase section */
		9F971E8A247ABFCB00A68959 /* Frameworks */ = {
			isa = PBXFrameworksBuildPhase;
			buildActionMask = 2147483647;
			files = (
			);
			runOnlyForDeploymentPostprocessing = 0;
		};
		F8347587234C61CE00244D6F /* Frameworks */ = {
			isa = PBXFrameworksBuildPhase;
			buildActionMask = 2147483647;
			files = (
			);
			runOnlyForDeploymentPostprocessing = 0;
		};
/* End PBXFrameworksBuildPhase section */

/* Begin PBXGroup section */
		9F242638248ACDF000318989 /* Model */ = {
			isa = PBXGroup;
			children = (
				9F242639248ACDF600318989 /* Contact.swift */,
			);
			path = Model;
			sourceTree = "<group>";
		};
		9F2EB23824961CD6008B2D4E /* Description */ = {
			isa = PBXGroup;
			children = (
				9FB5B12D2498C2B500830770 /* Model */,
				F889751D234E01770014FCC8 /* Description.swift */,
				9F2EB23924961CEE008B2D4E /* DescriptionWidgetView.swift */,
			);
			path = Description;
			sourceTree = "<group>";
		};
		9F649854248945CC00514BD3 /* UI */ = {
			isa = PBXGroup;
			children = (
				9F649855248945D800514BD3 /* Components */,
				9FB7509E2487B09500193948 /* PersonalData.swift */,
				9F64984C2488F3EA00514BD3 /* PersonalDataWidget.swift */,
			);
			path = UI;
			sourceTree = "<group>";
		};
		9F649855248945D800514BD3 /* Components */ = {
			isa = PBXGroup;
			children = (
				9F6498562489460300514BD3 /* DataRow.swift */,
			);
			path = Components;
			sourceTree = "<group>";
		};
		9F73E8F424878B84002E22F4 /* Features */ = {
			isa = PBXGroup;
			children = (
				9FB5B13C2499DC2900830770 /* Mail */,
				9FA3AA7724979ED6002EDC7D /* MailView.swift */,
				9F2EB23824961CD6008B2D4E /* Description */,
				9F73E8F524878BB2002E22F4 /* Images */,
				9FFBAD5F248E94CE00F66ADB /* Location */,
				9FB7509A2487B08200193948 /* PersonalData */,
			);
			path = Features;
			sourceTree = "<group>";
		};
		9F73E8F524878BB2002E22F4 /* Images */ = {
			isa = PBXGroup;
			children = (
				9F73E90024878E20002E22F4 /* Components */,
				9F73E8F924878D91002E22F4 /* ImageDataStore.swift */,
				9F73E8FE24878DFB002E22F4 /* View */,
			);
			path = Images;
			sourceTree = "<group>";
		};
		9F73E8FE24878DFB002E22F4 /* View */ = {
			isa = PBXGroup;
			children = (
				9F73E8F624878D91002E22F4 /* ImagePicker.swift */,
				F8897519234E015E0014FCC8 /* Images.swift */,
				9F73E8F724878D91002E22F4 /* ImageGrid.swift */,
			);
			path = View;
			sourceTree = "<group>";
		};
		9F73E90024878E20002E22F4 /* Components */ = {
			isa = PBXGroup;
			children = (
				9F73E90124878E2F002E22F4 /* ImagePickerButtons.swift */,
			);
			path = Components;
			sourceTree = "<group>";
		};
		9F971E8E247ABFCB00A68959 /* weg-liTests */ = {
			isa = PBXGroup;
			children = (
				9F971E91247ABFCB00A68959 /* Info.plist */,
				9F8575EF24B788BA000ABA01 /* PersonalDataViewModelTests.swift */,
				9F8575EE24B788BA000ABA01 /* weg-liTests-Bridging-Header.h */,
			);
			path = "weg-liTests";
			sourceTree = "<group>";
		};
		9F9C4306248BAC3D00FF514B /* Utils */ = {
			isa = PBXGroup;
			children = (
				9FD61414248FB69500D6A41B /* ExifReader.swift */,
				9FB750AE2487BEEC00193948 /* Extensions */,
				9FB750A62487B15B00193948 /* PropertyWrapper */,
				9FB5B1402499F6BD00830770 /* PublicAffairsOfficeMatcher.swift */,
			);
			path = Utils;
			sourceTree = "<group>";
		};
		9F9C4309248E24B000FF514B /* Redux */ = {
			isa = PBXGroup;
			children = (
				9F9C4307248BAC5900FF514B /* EnvironmentContainer.swift */,
				9F9C430A248E24BD00FF514B /* AppState.swift */,
				9F9C430C248E24DD00FF514B /* AppAction.swift */,
				9F9C430E248E250000FF514B /* Store.swift */,
				9F9C4310248E251F00FF514B /* Reducer.swift */,
			);
			path = Redux;
			sourceTree = "<group>";
		};
		9FB5B12A2498BEAE00830770 /* JSON */ = {
			isa = PBXGroup;
			children = (
				9FB5B13A2499DBE500830770 /* districts.json */,
				9FDB5B422498BBC600BE2AEA /* charges.json */,
			);
			path = JSON;
			sourceTree = "<group>";
		};
		9FB5B12D2498C2B500830770 /* Model */ = {
			isa = PBXGroup;
			children = (
				9FB5B12E2498C2C100830770 /* Time.swift */,
			);
			path = Model;
			sourceTree = "<group>";
		};
		9FB5B13C2499DC2900830770 /* Mail */ = {
			isa = PBXGroup;
			children = (
				9FB5B13D2499DC3200830770 /* Model */,
			);
			path = Mail;
			sourceTree = "<group>";
		};
		9FB5B13D2499DC3200830770 /* Model */ = {
			isa = PBXGroup;
			children = (
				9FB5B13E2499DC4400830770 /* District.swift */,
			);
			path = Model;
			sourceTree = "<group>";
		};
		9FB7509A2487B08200193948 /* PersonalData */ = {
			isa = PBXGroup;
			children = (
				9F242638248ACDF000318989 /* Model */,
				9F649854248945CC00514BD3 /* UI */,
				9FB750A42487B0FC00193948 /* PersonalDataViewModel.swift */,
				9F6498482488F34800514BD3 /* PersonsalDataRepository.swift */,
			);
			path = PersonalData;
			sourceTree = "<group>";
		};
		9FB750A62487B15B00193948 /* PropertyWrapper */ = {
			isa = PBXGroup;
			children = (
				9FB750A72487B16D00193948 /* UserDefault+PropertyWrapper.swift */,
			);
			path = PropertyWrapper;
			sourceTree = "<group>";
		};
		9FB750A92487BCA600193948 /* Resources */ = {
			isa = PBXGroup;
			children = (
				F8347593234C61CF00244D6F /* Assets.xcassets */,
				F834759B234C61CF00244D6F /* Info.plist */,
				9FB5B12A2498BEAE00830770 /* JSON */,
				F8347598234C61CF00244D6F /* LaunchScreen.storyboard */,
			);
			path = Resources;
			sourceTree = "<group>";
		};
		9FB750AA2487BCE600193948 /* App */ = {
			isa = PBXGroup;
			children = (
				F834758D234C61CE00244D6F /* AppDelegate.swift */,
				F834758F234C61CE00244D6F /* SceneDelegate.swift */,
				9FDB5B442498BC0F00BE2AEA /* Model */,
				9F9C4309248E24B000FF514B /* Redux */,
			);
			path = App;
			sourceTree = "<group>";
		};
		9FB750AB2487BD2D00193948 /* UI */ = {
			isa = PBXGroup;
			children = (
				9FB750AC2487BD3B00193948 /* Components */,
				F8EDCA83234CBC81001E8D9C /* MainView.swift */,
				F8EDCA85234CBCE2001E8D9C /* ReportForm.swift */,
			);
			path = UI;
			sourceTree = "<group>";
		};
		9FB750AC2487BD3B00193948 /* Components */ = {
			isa = PBXGroup;
			children = (
				9FFBAD66248E979200F66ADB /* ActivityIndicator.swift */,
				F83853CE234D11A900DF1A9D /* DiscardButton.swift */,
				9F0C2707249777F4001B1908 /* EditButtonStyle.swift */,
				F8EDCA7F234CB3CD001E8D9C /* SubmitButton.swift */,
				9F0C270924977943001B1908 /* ToggleButton.swift */,
				F8EDCA81234CB8B7001E8D9C /* Widget.swift */,
				9FA3AA792497A0AD002EDC7D /* MailContentView.swift */,
			);
			path = Components;
			sourceTree = "<group>";
		};
		9FB750AE2487BEEC00193948 /* Extensions */ = {
			isa = PBXGroup;
			children = (
				9FB5B13824994CF300830770 /* CLLocationCoordinate2D+Additions.swift */,
				9F2EB23B2496A03E008B2D4E /* Array+Additions.swift */,
				9F98A7BF248F38F100E06AA4 /* Binding+Additions.swift */,
				9FB5B12B2498BECB00830770 /* Bundle+Additions.swift */,
				9FDB4632248FD868009E743A /* String+Builder.swift */,
				9FB750AF2487BEF900193948 /* View+Additions.swift */,
				9F4BD316249B653200C6C44D /* DateFormatter+Additions.swift */,
			);
			path = Extensions;
			sourceTree = "<group>";
		};
		9FDB5B442498BC0F00BE2AEA /* Model */ = {
			isa = PBXGroup;
			children = (
				9FA3AA7F2498B80C002EDC7D /* Report.swift */,
			);
			path = Model;
			sourceTree = "<group>";
		};
		9FFBAD5F248E94CE00F66ADB /* Location */ = {
			isa = PBXGroup;
			children = (
				9F98A7BD248EB25400E06AA4 /* GeoCodeProvider.swift */,
				9FFBAD60248E94CE00F66ADB /* Location.swift */,
				9FFBAD61248E94CE00F66ADB /* LocationProvider.swift */,
				9FFBAD64248E975700F66ADB /* MapView.swift */,
			);
			path = Location;
			sourceTree = "<group>";
		};
		F8347581234C61CE00244D6F = {
			isa = PBXGroup;
			children = (
				9FB7509324878FDB00193948 /* README.md */,
				F834758C234C61CE00244D6F /* weg-li */,
				9F971E8E247ABFCB00A68959 /* weg-liTests */,
				F834758B234C61CE00244D6F /* Products */,
			);
			sourceTree = "<group>";
		};
		F834758B234C61CE00244D6F /* Products */ = {
			isa = PBXGroup;
			children = (
				F834758A234C61CE00244D6F /* weg-li.app */,
				9F971E8D247ABFCB00A68959 /* weg-liTests.xctest */,
			);
			name = Products;
			sourceTree = "<group>";
		};
		F834758C234C61CE00244D6F /* weg-li */ = {
			isa = PBXGroup;
			children = (
				9FB750AA2487BCE600193948 /* App */,
				9F73E8F424878B84002E22F4 /* Features */,
				F8347595234C61CF00244D6F /* Preview Content */,
				9FB750A92487BCA600193948 /* Resources */,
				9FB750AB2487BD2D00193948 /* UI */,
				9F9C4306248BAC3D00FF514B /* Utils */,
			);
			path = "weg-li";
			sourceTree = "<group>";
		};
		F8347595234C61CF00244D6F /* Preview Content */ = {
			isa = PBXGroup;
			children = (
				F8347596234C61CF00244D6F /* Preview Assets.xcassets */,
			);
			path = "Preview Content";
			sourceTree = "<group>";
		};
/* End PBXGroup section */

/* Begin PBXNativeTarget section */
		9F971E8C247ABFCB00A68959 /* weg-liTests */ = {
			isa = PBXNativeTarget;
			buildConfigurationList = 9F971E96247ABFCB00A68959 /* Build configuration list for PBXNativeTarget "weg-liTests" */;
			buildPhases = (
				9F971E89247ABFCB00A68959 /* Sources */,
				9F971E8A247ABFCB00A68959 /* Frameworks */,
				9F971E8B247ABFCB00A68959 /* Resources */,
			);
			buildRules = (
			);
			dependencies = (
				9F971E93247ABFCB00A68959 /* PBXTargetDependency */,
			);
			name = "weg-liTests";
			productName = "weg-liTests";
			productReference = 9F971E8D247ABFCB00A68959 /* weg-liTests.xctest */;
			productType = "com.apple.product-type.bundle.unit-test";
		};
		F8347589234C61CE00244D6F /* weg-li */ = {
			isa = PBXNativeTarget;
			buildConfigurationList = F834759E234C61CF00244D6F /* Build configuration list for PBXNativeTarget "weg-li" */;
			buildPhases = (
				F8347586234C61CE00244D6F /* Sources */,
				F8347587234C61CE00244D6F /* Frameworks */,
				F8347588234C61CE00244D6F /* Resources */,
				9F8575F124B789FF000ABA01 /* Swiftlint */,
			);
			buildRules = (
			);
			dependencies = (
			);
			name = "weg-li";
			productName = "weg-li";
			productReference = F834758A234C61CE00244D6F /* weg-li.app */;
			productType = "com.apple.product-type.application";
		};
/* End PBXNativeTarget section */

/* Begin PBXProject section */
		F8347582234C61CE00244D6F /* Project object */ = {
			isa = PBXProject;
			attributes = {
				LastSwiftUpdateCheck = 1140;
				LastUpgradeCheck = 1110;
				ORGANIZATIONNAME = "Martin Wilhelmi";
				TargetAttributes = {
					9F971E8C247ABFCB00A68959 = {
						CreatedOnToolsVersion = 11.4.1;
						LastSwiftMigration = 1140;
						TestTargetID = F8347589234C61CE00244D6F;
					};
					F8347589234C61CE00244D6F = {
						CreatedOnToolsVersion = 11.1;
					};
				};
			};
			buildConfigurationList = F8347585234C61CE00244D6F /* Build configuration list for PBXProject "weg-li" */;
			compatibilityVersion = "Xcode 9.3";
			developmentRegion = en;
			hasScannedForEncodings = 0;
			knownRegions = (
				en,
				Base,
			);
			mainGroup = F8347581234C61CE00244D6F;
			productRefGroup = F834758B234C61CE00244D6F /* Products */;
			projectDirPath = "";
			projectRoot = "";
			targets = (
				F8347589234C61CE00244D6F /* weg-li */,
				9F971E8C247ABFCB00A68959 /* weg-liTests */,
			);
		};
/* End PBXProject section */

/* Begin PBXResourcesBuildPhase section */
		9F971E8B247ABFCB00A68959 /* Resources */ = {
			isa = PBXResourcesBuildPhase;
			buildActionMask = 2147483647;
			files = (
			);
			runOnlyForDeploymentPostprocessing = 0;
		};
		F8347588234C61CE00244D6F /* Resources */ = {
			isa = PBXResourcesBuildPhase;
			buildActionMask = 2147483647;
			files = (
				9FB5B13B2499DBE500830770 /* districts.json in Resources */,
				F834759A234C61CF00244D6F /* LaunchScreen.storyboard in Resources */,
				F8347597234C61CF00244D6F /* Preview Assets.xcassets in Resources */,
				9FB7509424878FDB00193948 /* README.md in Resources */,
				F8347594234C61CF00244D6F /* Assets.xcassets in Resources */,
				9FDB5B432498BBC600BE2AEA /* charges.json in Resources */,
			);
			runOnlyForDeploymentPostprocessing = 0;
		};
/* End PBXResourcesBuildPhase section */

/* Begin PBXShellScriptBuildPhase section */
		9F8575F124B789FF000ABA01 /* Swiftlint */ = {
			isa = PBXShellScriptBuildPhase;
			buildActionMask = 2147483647;
			files = (
			);
			inputFileListPaths = (
			);
			inputPaths = (
			);
			name = Swiftlint;
			outputFileListPaths = (
			);
			outputPaths = (
			);
			runOnlyForDeploymentPostprocessing = 0;
			shellPath = /bin/sh;
			shellScript = "if which swiftlint >/dev/null; then\n  swiftlint\nelse\n  echo \"warning: SwiftLint not installed, download from https://github.com/realm/SwiftLint\"\nfi\n";
		};
/* End PBXShellScriptBuildPhase section */

/* Begin PBXSourcesBuildPhase section */
		9F971E89247ABFCB00A68959 /* Sources */ = {
			isa = PBXSourcesBuildPhase;
			buildActionMask = 2147483647;
			files = (
				9F8575F024B788BA000ABA01 /* PersonalDataViewModelTests.swift in Sources */,
			);
			runOnlyForDeploymentPostprocessing = 0;
		};
		F8347586234C61CE00244D6F /* Sources */ = {
			isa = PBXSourcesBuildPhase;
			buildActionMask = 2147483647;
			files = (
				9F73E8FB24878D91002E22F4 /* ImageGrid.swift in Sources */,
				F8EDCA86234CBCE2001E8D9C /* ReportForm.swift in Sources */,
				9FB5B1412499F6BD00830770 /* PublicAffairsOfficeMatcher.swift in Sources */,
				F834758E234C61CE00244D6F /* AppDelegate.swift in Sources */,
				9F0C2708249777F4001B1908 /* EditButtonStyle.swift in Sources */,
				9F24263A248ACDF600318989 /* Contact.swift in Sources */,
				9F98A7BE248EB25400E06AA4 /* GeoCodeProvider.swift in Sources */,
				9F9C430D248E24DD00FF514B /* AppAction.swift in Sources */,
				9F73E8FD24878D91002E22F4 /* ImageDataStore.swift in Sources */,
				9FA3AA802498B80C002EDC7D /* Report.swift in Sources */,
				9FFBAD62248E94CE00F66ADB /* Location.swift in Sources */,
				9F2EB23A24961CEE008B2D4E /* DescriptionWidgetView.swift in Sources */,
				9F73E8FA24878D91002E22F4 /* ImagePicker.swift in Sources */,
				9F0C270A24977943001B1908 /* ToggleButton.swift in Sources */,
				9F9C430F248E250000FF514B /* Store.swift in Sources */,
				9FFBAD63248E94CE00F66ADB /* LocationProvider.swift in Sources */,
				9FD61415248FB69500D6A41B /* ExifReader.swift in Sources */,
				9FFBAD65248E975700F66ADB /* MapView.swift in Sources */,
				F889751E234E01770014FCC8 /* Description.swift in Sources */,
				9F9C4308248BAC5900FF514B /* EnvironmentContainer.swift in Sources */,
				F8EDCA84234CBC81001E8D9C /* MainView.swift in Sources */,
				9FB750A82487B16D00193948 /* UserDefault+PropertyWrapper.swift in Sources */,
				9F4BD317249B653200C6C44D /* DateFormatter+Additions.swift in Sources */,
				F8EDCA80234CB3CD001E8D9C /* SubmitButton.swift in Sources */,
				9F64984D2488F3EA00514BD3 /* PersonalDataWidget.swift in Sources */,
				9F6498492488F34800514BD3 /* PersonsalDataRepository.swift in Sources */,
				F8EDCA82234CB8B7001E8D9C /* Widget.swift in Sources */,
				9F9C4311248E251F00FF514B /* Reducer.swift in Sources */,
				9F73E90224878E2F002E22F4 /* ImagePickerButtons.swift in Sources */,
				F889751A234E015E0014FCC8 /* Images.swift in Sources */,
				9FB5B12C2498BECB00830770 /* Bundle+Additions.swift in Sources */,
				F8347590234C61CE00244D6F /* SceneDelegate.swift in Sources */,
				9F2EB23C2496A03E008B2D4E /* Array+Additions.swift in Sources */,
				9F98A7C0248F38F100E06AA4 /* Binding+Additions.swift in Sources */,
				9F6498572489460300514BD3 /* DataRow.swift in Sources */,
				9FB5B13924994CF300830770 /* CLLocationCoordinate2D+Additions.swift in Sources */,
				9FB750A52487B0FC00193948 /* PersonalDataViewModel.swift in Sources */,
				F83853CF234D11A900DF1A9D /* DiscardButton.swift in Sources */,
				9FFBAD67248E979200F66ADB /* ActivityIndicator.swift in Sources */,
				9FDB4633248FD868009E743A /* String+Builder.swift in Sources */,
				9FA3AA7A2497A0AD002EDC7D /* MailContentView.swift in Sources */,
				9F9C430B248E24BD00FF514B /* AppState.swift in Sources */,
				9FA3AA7824979ED6002EDC7D /* MailView.swift in Sources */,
				9FB5B12F2498C2C100830770 /* Time.swift in Sources */,
				9FB5B13F2499DC4400830770 /* District.swift in Sources */,
				9FB750A22487B09500193948 /* PersonalData.swift in Sources */,
				9FB750B02487BEFA00193948 /* View+Additions.swift in Sources */,
			);
			runOnlyForDeploymentPostprocessing = 0;
		};
/* End PBXSourcesBuildPhase section */

/* Begin PBXTargetDependency section */
		9F971E93247ABFCB00A68959 /* PBXTargetDependency */ = {
			isa = PBXTargetDependency;
			target = F8347589234C61CE00244D6F /* weg-li */;
			targetProxy = 9F971E92247ABFCB00A68959 /* PBXContainerItemProxy */;
		};
/* End PBXTargetDependency section */

/* Begin PBXVariantGroup section */
		F8347598234C61CF00244D6F /* LaunchScreen.storyboard */ = {
			isa = PBXVariantGroup;
			children = (
				F8347599234C61CF00244D6F /* Base */,
			);
			name = LaunchScreen.storyboard;
			sourceTree = "<group>";
		};
/* End PBXVariantGroup section */

/* Begin XCBuildConfiguration section */
		9F971E94247ABFCB00A68959 /* Debug */ = {
			isa = XCBuildConfiguration;
			buildSettings = {
				BUNDLE_LOADER = "$(TEST_HOST)";
				CLANG_ENABLE_MODULES = YES;
				CODE_SIGN_STYLE = Automatic;
				DEVELOPMENT_TEAM = BP8836JVQR;
				INFOPLIST_FILE = "weg-liTests/Info.plist";
				IPHONEOS_DEPLOYMENT_TARGET = 13.4;
				LD_RUNPATH_SEARCH_PATHS = (
					"$(inherited)",
					"@executable_path/Frameworks",
					"@loader_path/Frameworks",
				);
				PRODUCT_BUNDLE_IDENTIFIER = "com.mnin.weg-li.weg-liTests";
				PRODUCT_NAME = "$(TARGET_NAME)";
				SWIFT_OBJC_BRIDGING_HEADER = "weg-liTests/weg-liTests-Bridging-Header.h";
				SWIFT_OPTIMIZATION_LEVEL = "-Onone";
				SWIFT_VERSION = 5.0;
				TARGETED_DEVICE_FAMILY = "1,2";
				TEST_HOST = "$(BUILT_PRODUCTS_DIR)/weg-li.app/weg-li";
			};
			name = Debug;
		};
		9F971E95247ABFCB00A68959 /* Release */ = {
			isa = XCBuildConfiguration;
			buildSettings = {
				BUNDLE_LOADER = "$(TEST_HOST)";
				CLANG_ENABLE_MODULES = YES;
				CODE_SIGN_STYLE = Automatic;
				DEVELOPMENT_TEAM = BP8836JVQR;
				INFOPLIST_FILE = "weg-liTests/Info.plist";
				IPHONEOS_DEPLOYMENT_TARGET = 13.4;
				LD_RUNPATH_SEARCH_PATHS = (
					"$(inherited)",
					"@executable_path/Frameworks",
					"@loader_path/Frameworks",
				);
				PRODUCT_BUNDLE_IDENTIFIER = "com.mnin.weg-li.weg-liTests";
				PRODUCT_NAME = "$(TARGET_NAME)";
				SWIFT_OBJC_BRIDGING_HEADER = "weg-liTests/weg-liTests-Bridging-Header.h";
				SWIFT_VERSION = 5.0;
				TARGETED_DEVICE_FAMILY = "1,2";
				TEST_HOST = "$(BUILT_PRODUCTS_DIR)/weg-li.app/weg-li";
			};
			name = Release;
		};
		F834759C234C61CF00244D6F /* Debug */ = {
			isa = XCBuildConfiguration;
			buildSettings = {
				ALWAYS_SEARCH_USER_PATHS = NO;
				CLANG_ANALYZER_LOCALIZABILITY_NONLOCALIZED = YES;
				CLANG_ANALYZER_NONNULL = YES;
				CLANG_ANALYZER_NUMBER_OBJECT_CONVERSION = YES_AGGRESSIVE;
				CLANG_CXX_LANGUAGE_STANDARD = "gnu++14";
				CLANG_CXX_LIBRARY = "libc++";
				CLANG_ENABLE_MODULES = YES;
				CLANG_ENABLE_OBJC_ARC = YES;
				CLANG_ENABLE_OBJC_WEAK = YES;
				CLANG_WARN_BLOCK_CAPTURE_AUTORELEASING = YES;
				CLANG_WARN_BOOL_CONVERSION = YES;
				CLANG_WARN_COMMA = YES;
				CLANG_WARN_CONSTANT_CONVERSION = YES;
				CLANG_WARN_DEPRECATED_OBJC_IMPLEMENTATIONS = YES;
				CLANG_WARN_DIRECT_OBJC_ISA_USAGE = YES_ERROR;
				CLANG_WARN_DOCUMENTATION_COMMENTS = YES;
				CLANG_WARN_EMPTY_BODY = YES;
				CLANG_WARN_ENUM_CONVERSION = YES;
				CLANG_WARN_INFINITE_RECURSION = YES;
				CLANG_WARN_INT_CONVERSION = YES;
				CLANG_WARN_NON_LITERAL_NULL_CONVERSION = YES;
				CLANG_WARN_OBJC_IMPLICIT_RETAIN_SELF = YES;
				CLANG_WARN_OBJC_LITERAL_CONVERSION = YES;
				CLANG_WARN_OBJC_ROOT_CLASS = YES_ERROR;
				CLANG_WARN_RANGE_LOOP_ANALYSIS = YES;
				CLANG_WARN_STRICT_PROTOTYPES = YES;
				CLANG_WARN_SUSPICIOUS_MOVE = YES;
				CLANG_WARN_UNGUARDED_AVAILABILITY = YES_AGGRESSIVE;
				CLANG_WARN_UNREACHABLE_CODE = YES;
				CLANG_WARN__DUPLICATE_METHOD_MATCH = YES;
				COPY_PHASE_STRIP = NO;
				DEBUG_INFORMATION_FORMAT = dwarf;
				ENABLE_BITCODE = NO;
				ENABLE_STRICT_OBJC_MSGSEND = YES;
				ENABLE_TESTABILITY = YES;
				GCC_C_LANGUAGE_STANDARD = gnu11;
				GCC_DYNAMIC_NO_PIC = NO;
				GCC_NO_COMMON_BLOCKS = YES;
				GCC_OPTIMIZATION_LEVEL = 0;
				GCC_PREPROCESSOR_DEFINITIONS = (
					"DEBUG=1",
					"$(inherited)",
				);
				GCC_WARN_64_TO_32_BIT_CONVERSION = YES;
				GCC_WARN_ABOUT_RETURN_TYPE = YES_ERROR;
				GCC_WARN_UNDECLARED_SELECTOR = YES;
				GCC_WARN_UNINITIALIZED_AUTOS = YES_AGGRESSIVE;
				GCC_WARN_UNUSED_FUNCTION = YES;
				GCC_WARN_UNUSED_VARIABLE = YES;
				IPHONEOS_DEPLOYMENT_TARGET = 13.1;
				MTL_ENABLE_DEBUG_INFO = INCLUDE_SOURCE;
				MTL_FAST_MATH = YES;
				ONLY_ACTIVE_ARCH = YES;
				SDKROOT = iphoneos;
				SWIFT_ACTIVE_COMPILATION_CONDITIONS = DEBUG;
				SWIFT_OPTIMIZATION_LEVEL = "-Onone";
			};
			name = Debug;
		};
		F834759D234C61CF00244D6F /* Release */ = {
			isa = XCBuildConfiguration;
			buildSettings = {
				ALWAYS_SEARCH_USER_PATHS = NO;
				CLANG_ANALYZER_LOCALIZABILITY_NONLOCALIZED = YES;
				CLANG_ANALYZER_NONNULL = YES;
				CLANG_ANALYZER_NUMBER_OBJECT_CONVERSION = YES_AGGRESSIVE;
				CLANG_CXX_LANGUAGE_STANDARD = "gnu++14";
				CLANG_CXX_LIBRARY = "libc++";
				CLANG_ENABLE_MODULES = YES;
				CLANG_ENABLE_OBJC_ARC = YES;
				CLANG_ENABLE_OBJC_WEAK = YES;
				CLANG_WARN_BLOCK_CAPTURE_AUTORELEASING = YES;
				CLANG_WARN_BOOL_CONVERSION = YES;
				CLANG_WARN_COMMA = YES;
				CLANG_WARN_CONSTANT_CONVERSION = YES;
				CLANG_WARN_DEPRECATED_OBJC_IMPLEMENTATIONS = YES;
				CLANG_WARN_DIRECT_OBJC_ISA_USAGE = YES_ERROR;
				CLANG_WARN_DOCUMENTATION_COMMENTS = YES;
				CLANG_WARN_EMPTY_BODY = YES;
				CLANG_WARN_ENUM_CONVERSION = YES;
				CLANG_WARN_INFINITE_RECURSION = YES;
				CLANG_WARN_INT_CONVERSION = YES;
				CLANG_WARN_NON_LITERAL_NULL_CONVERSION = YES;
				CLANG_WARN_OBJC_IMPLICIT_RETAIN_SELF = YES;
				CLANG_WARN_OBJC_LITERAL_CONVERSION = YES;
				CLANG_WARN_OBJC_ROOT_CLASS = YES_ERROR;
				CLANG_WARN_RANGE_LOOP_ANALYSIS = YES;
				CLANG_WARN_STRICT_PROTOTYPES = YES;
				CLANG_WARN_SUSPICIOUS_MOVE = YES;
				CLANG_WARN_UNGUARDED_AVAILABILITY = YES_AGGRESSIVE;
				CLANG_WARN_UNREACHABLE_CODE = YES;
				CLANG_WARN__DUPLICATE_METHOD_MATCH = YES;
				COPY_PHASE_STRIP = NO;
				DEBUG_INFORMATION_FORMAT = "dwarf-with-dsym";
				ENABLE_BITCODE = NO;
				ENABLE_NS_ASSERTIONS = NO;
				ENABLE_STRICT_OBJC_MSGSEND = YES;
				GCC_C_LANGUAGE_STANDARD = gnu11;
				GCC_NO_COMMON_BLOCKS = YES;
				GCC_WARN_64_TO_32_BIT_CONVERSION = YES;
				GCC_WARN_ABOUT_RETURN_TYPE = YES_ERROR;
				GCC_WARN_UNDECLARED_SELECTOR = YES;
				GCC_WARN_UNINITIALIZED_AUTOS = YES_AGGRESSIVE;
				GCC_WARN_UNUSED_FUNCTION = YES;
				GCC_WARN_UNUSED_VARIABLE = YES;
				IPHONEOS_DEPLOYMENT_TARGET = 13.1;
				MTL_ENABLE_DEBUG_INFO = NO;
				MTL_FAST_MATH = YES;
				SDKROOT = iphoneos;
				SWIFT_COMPILATION_MODE = wholemodule;
				SWIFT_OPTIMIZATION_LEVEL = "-O";
				VALIDATE_PRODUCT = YES;
			};
			name = Release;
		};
		F834759F234C61CF00244D6F /* Debug */ = {
			isa = XCBuildConfiguration;
			buildSettings = {
				ASSETCATALOG_COMPILER_APPICON_NAME = AppIcon;
				CODE_SIGN_STYLE = Automatic;
				CURRENT_PROJECT_VERSION = 5;
				DEVELOPMENT_ASSET_PATHS = "weg-li/Preview\\ Content";
				DEVELOPMENT_TEAM = M3YVS85XC2;
				ENABLE_BITCODE = NO;
				ENABLE_PREVIEWS = YES;
				INFOPLIST_FILE = "weg-li/Resources/Info.plist";
				LD_RUNPATH_SEARCH_PATHS = (
					"$(inherited)",
					"@executable_path/Frameworks",
				);
				PRODUCT_BUNDLE_IDENTIFIER = "com.mnin.weg-li";
				PRODUCT_NAME = "weg-li";
				SWIFT_VERSION = 5.0;
				TARGETED_DEVICE_FAMILY = "1,2";
			};
			name = Debug;
		};
		F83475A0234C61CF00244D6F /* Release */ = {
			isa = XCBuildConfiguration;
			buildSettings = {
				ASSETCATALOG_COMPILER_APPICON_NAME = AppIcon;
				CODE_SIGN_STYLE = Automatic;
				CURRENT_PROJECT_VERSION = 5;
				DEVELOPMENT_ASSET_PATHS = "weg-li/Preview\\ Content";
				DEVELOPMENT_TEAM = M3YVS85XC2;
				ENABLE_BITCODE = NO;
				ENABLE_PREVIEWS = YES;
				INFOPLIST_FILE = "weg-li/Resources/Info.plist";
				LD_RUNPATH_SEARCH_PATHS = (
					"$(inherited)",
					"@executable_path/Frameworks",
				);
				PRODUCT_BUNDLE_IDENTIFIER = "com.mnin.weg-li";
				PRODUCT_NAME = "weg-li";
				SWIFT_VERSION = 5.0;
				TARGETED_DEVICE_FAMILY = "1,2";
			};
			name = Release;
		};
/* End XCBuildConfiguration section */

/* Begin XCConfigurationList section */
		9F971E96247ABFCB00A68959 /* Build configuration list for PBXNativeTarget "weg-liTests" */ = {
			isa = XCConfigurationList;
			buildConfigurations = (
				9F971E94247ABFCB00A68959 /* Debug */,
				9F971E95247ABFCB00A68959 /* Release */,
			);
			defaultConfigurationIsVisible = 0;
			defaultConfigurationName = Release;
		};
		F8347585234C61CE00244D6F /* Build configuration list for PBXProject "weg-li" */ = {
			isa = XCConfigurationList;
			buildConfigurations = (
				F834759C234C61CF00244D6F /* Debug */,
				F834759D234C61CF00244D6F /* Release */,
			);
			defaultConfigurationIsVisible = 0;
			defaultConfigurationName = Release;
		};
		F834759E234C61CF00244D6F /* Build configuration list for PBXNativeTarget "weg-li" */ = {
			isa = XCConfigurationList;
			buildConfigurations = (
				F834759F234C61CF00244D6F /* Debug */,
				F83475A0234C61CF00244D6F /* Release */,
			);
			defaultConfigurationIsVisible = 0;
			defaultConfigurationName = Release;
		};
/* End XCConfigurationList section */
	};
	rootObject = F8347582234C61CE00244D6F /* Project object */;
}
