// !$*UTF8*$!
{
	archiveVersion = 1;
	classes = {
	};
	objectVersion = 51;
	objects = {

/* Begin PBXBuildFile section */
		3DA4E2B5F821942C7929870B /* Pods_Wegli.framework in Frameworks */ = {isa = PBXBuildFile; fileRef = 82097304260C254FE2182F75 /* Pods_Wegli.framework */; };
		4C9F6DEB238DB7120072A63A /* NumberPlateRecognizerService.swift in Sources */ = {isa = PBXBuildFile; fileRef = 4C9F6DEA238DB7120072A63A /* NumberPlateRecognizerService.swift */; };
		4C9F6DED238DB7C30072A63A /* NumberPlate.swift in Sources */ = {isa = PBXBuildFile; fileRef = 4C9F6DEC238DB7C30072A63A /* NumberPlate.swift */; };
		4C9F6DF7238DBA680072A63A /* 32.jpg in Resources */ = {isa = PBXBuildFile; fileRef = 4C9F6DEF238DBA650072A63A /* 32.jpg */; };
		4C9F6DF8238DBA680072A63A /* 91.jpg in Resources */ = {isa = PBXBuildFile; fileRef = 4C9F6DF0238DBA660072A63A /* 91.jpg */; };
		4C9F6DF9238DBA680072A63A /* 56.jpg in Resources */ = {isa = PBXBuildFile; fileRef = 4C9F6DF1238DBA660072A63A /* 56.jpg */; };
		4C9F6DFA238DBA680072A63A /* 44.jpg in Resources */ = {isa = PBXBuildFile; fileRef = 4C9F6DF2238DBA660072A63A /* 44.jpg */; };
		4C9F6DFB238DBA680072A63A /* 52.jpg in Resources */ = {isa = PBXBuildFile; fileRef = 4C9F6DF3238DBA670072A63A /* 52.jpg */; };
		4C9F6DFC238DBA680072A63A /* 36.jpg in Resources */ = {isa = PBXBuildFile; fileRef = 4C9F6DF4238DBA670072A63A /* 36.jpg */; };
		4C9F6DFD238DBA680072A63A /* 39.jpg in Resources */ = {isa = PBXBuildFile; fileRef = 4C9F6DF5238DBA670072A63A /* 39.jpg */; };
		4C9F6DFE238DBA680072A63A /* 79.jpg in Resources */ = {isa = PBXBuildFile; fileRef = 4C9F6DF6238DBA680072A63A /* 79.jpg */; };
		9F971E90247ABFCB00A68959 /* WegliTests.swift in Sources */ = {isa = PBXBuildFile; fileRef = 9F971E8F247ABFCB00A68959 /* WegliTests.swift */; };
		F834758E234C61CE00244D6F /* AppDelegate.swift in Sources */ = {isa = PBXBuildFile; fileRef = F834758D234C61CE00244D6F /* AppDelegate.swift */; };
		F8347590234C61CE00244D6F /* SceneDelegate.swift in Sources */ = {isa = PBXBuildFile; fileRef = F834758F234C61CE00244D6F /* SceneDelegate.swift */; };
		F8347594234C61CF00244D6F /* Assets.xcassets in Resources */ = {isa = PBXBuildFile; fileRef = F8347593234C61CF00244D6F /* Assets.xcassets */; };
		F8347597234C61CF00244D6F /* Preview Assets.xcassets in Resources */ = {isa = PBXBuildFile; fileRef = F8347596234C61CF00244D6F /* Preview Assets.xcassets */; };
		F834759A234C61CF00244D6F /* LaunchScreen.storyboard in Resources */ = {isa = PBXBuildFile; fileRef = F8347598234C61CF00244D6F /* LaunchScreen.storyboard */; };
		F83853CF234D11A900DF1A9D /* DiscardButton.swift in Sources */ = {isa = PBXBuildFile; fileRef = F83853CE234D11A900DF1A9D /* DiscardButton.swift */; };
		F889751A234E015E0014FCC8 /* Images.swift in Sources */ = {isa = PBXBuildFile; fileRef = F8897519234E015E0014FCC8 /* Images.swift */; };
		F889751C234E01700014FCC8 /* Location.swift in Sources */ = {isa = PBXBuildFile; fileRef = F889751B234E01700014FCC8 /* Location.swift */; };
		F889751E234E01770014FCC8 /* Description.swift in Sources */ = {isa = PBXBuildFile; fileRef = F889751D234E01770014FCC8 /* Description.swift */; };
		F8897520234E017D0014FCC8 /* PersonalData.swift in Sources */ = {isa = PBXBuildFile; fileRef = F889751F234E017D0014FCC8 /* PersonalData.swift */; };
		F8EDCA80234CB3CD001E8D9C /* SubmitButton.swift in Sources */ = {isa = PBXBuildFile; fileRef = F8EDCA7F234CB3CD001E8D9C /* SubmitButton.swift */; };
		F8EDCA82234CB8B7001E8D9C /* Widget.swift in Sources */ = {isa = PBXBuildFile; fileRef = F8EDCA81234CB8B7001E8D9C /* Widget.swift */; };
		F8EDCA84234CBC81001E8D9C /* MainView.swift in Sources */ = {isa = PBXBuildFile; fileRef = F8EDCA83234CBC81001E8D9C /* MainView.swift */; };
		F8EDCA86234CBCE2001E8D9C /* ReportForm.swift in Sources */ = {isa = PBXBuildFile; fileRef = F8EDCA85234CBCE2001E8D9C /* ReportForm.swift */; };
/* End PBXBuildFile section */

/* Begin PBXContainerItemProxy section */
		9F971E92247ABFCB00A68959 /* PBXContainerItemProxy */ = {
			isa = PBXContainerItemProxy;
			containerPortal = F8347582234C61CE00244D6F /* Project object */;
			proxyType = 1;
			remoteGlobalIDString = F8347589234C61CE00244D6F;
			remoteInfo = Wegli;
		};
/* End PBXContainerItemProxy section */

/* Begin PBXFileReference section */
		4C9F6DEA238DB7120072A63A /* NumberPlateRecognizerService.swift */ = {isa = PBXFileReference; lastKnownFileType = sourcecode.swift; path = NumberPlateRecognizerService.swift; sourceTree = "<group>"; };
		4C9F6DEC238DB7C30072A63A /* NumberPlate.swift */ = {isa = PBXFileReference; lastKnownFileType = sourcecode.swift; path = NumberPlate.swift; sourceTree = "<group>"; };
		4C9F6DEF238DBA650072A63A /* 32.jpg */ = {isa = PBXFileReference; lastKnownFileType = image.jpeg; path = 32.jpg; sourceTree = "<group>"; };
		4C9F6DF0238DBA660072A63A /* 91.jpg */ = {isa = PBXFileReference; lastKnownFileType = image.jpeg; path = 91.jpg; sourceTree = "<group>"; };
		4C9F6DF1238DBA660072A63A /* 56.jpg */ = {isa = PBXFileReference; lastKnownFileType = image.jpeg; path = 56.jpg; sourceTree = "<group>"; };
		4C9F6DF2238DBA660072A63A /* 44.jpg */ = {isa = PBXFileReference; lastKnownFileType = image.jpeg; path = 44.jpg; sourceTree = "<group>"; };
		4C9F6DF3238DBA670072A63A /* 52.jpg */ = {isa = PBXFileReference; lastKnownFileType = image.jpeg; path = 52.jpg; sourceTree = "<group>"; };
		4C9F6DF4238DBA670072A63A /* 36.jpg */ = {isa = PBXFileReference; lastKnownFileType = image.jpeg; path = 36.jpg; sourceTree = "<group>"; };
		4C9F6DF5238DBA670072A63A /* 39.jpg */ = {isa = PBXFileReference; lastKnownFileType = image.jpeg; path = 39.jpg; sourceTree = "<group>"; };
		4C9F6DF6238DBA680072A63A /* 79.jpg */ = {isa = PBXFileReference; lastKnownFileType = image.jpeg; path = 79.jpg; sourceTree = "<group>"; };
		7FA7139CE4B240CB5CB9C8C2 /* Pods-Wegli.debug.xcconfig */ = {isa = PBXFileReference; includeInIndex = 1; lastKnownFileType = text.xcconfig; name = "Pods-Wegli.debug.xcconfig"; path = "Target Support Files/Pods-Wegli/Pods-Wegli.debug.xcconfig"; sourceTree = "<group>"; };
		8122F80CC0E06A65DDFA3C3B /* Pods-Wegli.release.xcconfig */ = {isa = PBXFileReference; includeInIndex = 1; lastKnownFileType = text.xcconfig; name = "Pods-Wegli.release.xcconfig"; path = "Target Support Files/Pods-Wegli/Pods-Wegli.release.xcconfig"; sourceTree = "<group>"; };
		82097304260C254FE2182F75 /* Pods_Wegli.framework */ = {isa = PBXFileReference; explicitFileType = wrapper.framework; includeInIndex = 0; path = Pods_Wegli.framework; sourceTree = BUILT_PRODUCTS_DIR; };
		9F971E8D247ABFCB00A68959 /* WegliTests.xctest */ = {isa = PBXFileReference; explicitFileType = wrapper.cfbundle; includeInIndex = 0; path = WegliTests.xctest; sourceTree = BUILT_PRODUCTS_DIR; };
		9F971E8F247ABFCB00A68959 /* WegliTests.swift */ = {isa = PBXFileReference; lastKnownFileType = sourcecode.swift; path = WegliTests.swift; sourceTree = "<group>"; };
		9F971E91247ABFCB00A68959 /* Info.plist */ = {isa = PBXFileReference; lastKnownFileType = text.plist.xml; path = Info.plist; sourceTree = "<group>"; };
		F834758A234C61CE00244D6F /* Wegli.app */ = {isa = PBXFileReference; explicitFileType = wrapper.application; includeInIndex = 0; path = Wegli.app; sourceTree = BUILT_PRODUCTS_DIR; };
		F834758D234C61CE00244D6F /* AppDelegate.swift */ = {isa = PBXFileReference; lastKnownFileType = sourcecode.swift; path = AppDelegate.swift; sourceTree = "<group>"; };
		F834758F234C61CE00244D6F /* SceneDelegate.swift */ = {isa = PBXFileReference; lastKnownFileType = sourcecode.swift; path = SceneDelegate.swift; sourceTree = "<group>"; };
		F8347593234C61CF00244D6F /* Assets.xcassets */ = {isa = PBXFileReference; lastKnownFileType = folder.assetcatalog; path = Assets.xcassets; sourceTree = "<group>"; };
		F8347596234C61CF00244D6F /* Preview Assets.xcassets */ = {isa = PBXFileReference; lastKnownFileType = folder.assetcatalog; path = "Preview Assets.xcassets"; sourceTree = "<group>"; };
		F8347599234C61CF00244D6F /* Base */ = {isa = PBXFileReference; lastKnownFileType = file.storyboard; name = Base; path = Base.lproj/LaunchScreen.storyboard; sourceTree = "<group>"; };
		F834759B234C61CF00244D6F /* Info.plist */ = {isa = PBXFileReference; lastKnownFileType = text.plist.xml; path = Info.plist; sourceTree = "<group>"; };
		F83853CE234D11A900DF1A9D /* DiscardButton.swift */ = {isa = PBXFileReference; lastKnownFileType = sourcecode.swift; path = DiscardButton.swift; sourceTree = "<group>"; };
		F8897519234E015E0014FCC8 /* Images.swift */ = {isa = PBXFileReference; lastKnownFileType = sourcecode.swift; path = Images.swift; sourceTree = "<group>"; };
		F889751B234E01700014FCC8 /* Location.swift */ = {isa = PBXFileReference; lastKnownFileType = sourcecode.swift; path = Location.swift; sourceTree = "<group>"; };
		F889751D234E01770014FCC8 /* Description.swift */ = {isa = PBXFileReference; lastKnownFileType = sourcecode.swift; path = Description.swift; sourceTree = "<group>"; };
		F889751F234E017D0014FCC8 /* PersonalData.swift */ = {isa = PBXFileReference; lastKnownFileType = sourcecode.swift; path = PersonalData.swift; sourceTree = "<group>"; };
		F8EDCA7F234CB3CD001E8D9C /* SubmitButton.swift */ = {isa = PBXFileReference; lastKnownFileType = sourcecode.swift; path = SubmitButton.swift; sourceTree = "<group>"; };
		F8EDCA81234CB8B7001E8D9C /* Widget.swift */ = {isa = PBXFileReference; lastKnownFileType = sourcecode.swift; path = Widget.swift; sourceTree = "<group>"; };
		F8EDCA83234CBC81001E8D9C /* MainView.swift */ = {isa = PBXFileReference; lastKnownFileType = sourcecode.swift; path = MainView.swift; sourceTree = "<group>"; };
		F8EDCA85234CBCE2001E8D9C /* ReportForm.swift */ = {isa = PBXFileReference; lastKnownFileType = sourcecode.swift; path = ReportForm.swift; sourceTree = "<group>"; };
/* End PBXFileReference section */

/* Begin PBXFrameworksBuildPhase section */
		9F971E8A247ABFCB00A68959 /* Frameworks */ = {
			isa = PBXFrameworksBuildPhase;
			buildActionMask = 2147483647;
			files = (
			);
			runOnlyForDeploymentPostprocessing = 0;
		};
		F8347587234C61CE00244D6F /* Frameworks */ = {
			isa = PBXFrameworksBuildPhase;
			buildActionMask = 2147483647;
			files = (
				3DA4E2B5F821942C7929870B /* Pods_Wegli.framework in Frameworks */,
			);
			runOnlyForDeploymentPostprocessing = 0;
		};
/* End PBXFrameworksBuildPhase section */

/* Begin PBXGroup section */
		4C9F6DE9238DB6FE0072A63A /* NumberPlateRecognizer */ = {
			isa = PBXGroup;
			children = (
				4C9F6DEE238DBA570072A63A /* ExampleImages */,
				4C9F6DEA238DB7120072A63A /* NumberPlateRecognizerService.swift */,
				4C9F6DEC238DB7C30072A63A /* NumberPlate.swift */,
			);
			path = NumberPlateRecognizer;
			sourceTree = "<group>";
		};
		4C9F6DEE238DBA570072A63A /* ExampleImages */ = {
			isa = PBXGroup;
			children = (
				4C9F6DEF238DBA650072A63A /* 32.jpg */,
				4C9F6DF4238DBA670072A63A /* 36.jpg */,
				4C9F6DF5238DBA670072A63A /* 39.jpg */,
				4C9F6DF2238DBA660072A63A /* 44.jpg */,
				4C9F6DF3238DBA670072A63A /* 52.jpg */,
				4C9F6DF1238DBA660072A63A /* 56.jpg */,
				4C9F6DF6238DBA680072A63A /* 79.jpg */,
				4C9F6DF0238DBA660072A63A /* 91.jpg */,
			);
			path = ExampleImages;
			sourceTree = "<group>";
		};
		8804C73C854F02D3A18D5A3B /* Pods */ = {
			isa = PBXGroup;
			children = (
				7FA7139CE4B240CB5CB9C8C2 /* Pods-Wegli.debug.xcconfig */,
				8122F80CC0E06A65DDFA3C3B /* Pods-Wegli.release.xcconfig */,
			);
			path = Pods;
			sourceTree = "<group>";
		};
		9F971E8E247ABFCB00A68959 /* WegliTests */ = {
			isa = PBXGroup;
			children = (
				9F971E8F247ABFCB00A68959 /* WegliTests.swift */,
				9F971E91247ABFCB00A68959 /* Info.plist */,
			);
			path = WegliTests;
			sourceTree = "<group>";
		};
		E55709E615D9A26CD12B94C1 /* Frameworks */ = {
			isa = PBXGroup;
			children = (
				82097304260C254FE2182F75 /* Pods_Wegli.framework */,
			);
			name = Frameworks;
			sourceTree = "<group>";
		};
		F8347581234C61CE00244D6F = {
			isa = PBXGroup;
			children = (
				F834758C234C61CE00244D6F /* Wegli */,
				9F971E8E247ABFCB00A68959 /* WegliTests */,
				F834758B234C61CE00244D6F /* Products */,
				8804C73C854F02D3A18D5A3B /* Pods */,
				E55709E615D9A26CD12B94C1 /* Frameworks */,
			);
			sourceTree = "<group>";
		};
		F834758B234C61CE00244D6F /* Products */ = {
			isa = PBXGroup;
			children = (
				F834758A234C61CE00244D6F /* Wegli.app */,
				9F971E8D247ABFCB00A68959 /* WegliTests.xctest */,
			);
			name = Products;
			sourceTree = "<group>";
		};
		F834758C234C61CE00244D6F /* Wegli */ = {
			isa = PBXGroup;
			children = (
				4C9F6DE9238DB6FE0072A63A /* NumberPlateRecognizer */,
				F834758D234C61CE00244D6F /* AppDelegate.swift */,
				F834758F234C61CE00244D6F /* SceneDelegate.swift */,
				F8EDCA83234CBC81001E8D9C /* MainView.swift */,
				F8EDCA85234CBCE2001E8D9C /* ReportForm.swift */,
				F8897519234E015E0014FCC8 /* Images.swift */,
				F889751B234E01700014FCC8 /* Location.swift */,
				F889751D234E01770014FCC8 /* Description.swift */,
				F889751F234E017D0014FCC8 /* PersonalData.swift */,
				F83853CE234D11A900DF1A9D /* DiscardButton.swift */,
				F8EDCA81234CB8B7001E8D9C /* Widget.swift */,
				F8EDCA7F234CB3CD001E8D9C /* SubmitButton.swift */,
				F8347593234C61CF00244D6F /* Assets.xcassets */,
				F8347598234C61CF00244D6F /* LaunchScreen.storyboard */,
				F834759B234C61CF00244D6F /* Info.plist */,
				F8347595234C61CF00244D6F /* Preview Content */,
			);
			path = Wegli;
			sourceTree = "<group>";
		};
		F8347595234C61CF00244D6F /* Preview Content */ = {
			isa = PBXGroup;
			children = (
				F8347596234C61CF00244D6F /* Preview Assets.xcassets */,
			);
			path = "Preview Content";
			sourceTree = "<group>";
		};
/* End PBXGroup section */

/* Begin PBXNativeTarget section */
		9F971E8C247ABFCB00A68959 /* WegliTests */ = {
			isa = PBXNativeTarget;
			buildConfigurationList = 9F971E96247ABFCB00A68959 /* Build configuration list for PBXNativeTarget "WegliTests" */;
			buildPhases = (
				9F971E89247ABFCB00A68959 /* Sources */,
				9F971E8A247ABFCB00A68959 /* Frameworks */,
				9F971E8B247ABFCB00A68959 /* Resources */,
			);
			buildRules = (
			);
			dependencies = (
				9F971E93247ABFCB00A68959 /* PBXTargetDependency */,
			);
			name = WegliTests;
			productName = WegliTests;
			productReference = 9F971E8D247ABFCB00A68959 /* WegliTests.xctest */;
			productType = "com.apple.product-type.bundle.unit-test";
		};
		F8347589234C61CE00244D6F /* Wegli */ = {
			isa = PBXNativeTarget;
			buildConfigurationList = F834759E234C61CF00244D6F /* Build configuration list for PBXNativeTarget "Wegli" */;
			buildPhases = (
				513E4CC67A2D739A7460526E /* [CP] Check Pods Manifest.lock */,
				F8347586234C61CE00244D6F /* Sources */,
				F8347587234C61CE00244D6F /* Frameworks */,
				F8347588234C61CE00244D6F /* Resources */,
				87DF60F775981E5173C1A4EB /* [CP] Embed Pods Frameworks */,
			);
			buildRules = (
			);
			dependencies = (
			);
			name = Wegli;
			productName = Wegli;
			productReference = F834758A234C61CE00244D6F /* Wegli.app */;
			productType = "com.apple.product-type.application";
		};
/* End PBXNativeTarget section */

/* Begin PBXProject section */
		F8347582234C61CE00244D6F /* Project object */ = {
			isa = PBXProject;
			attributes = {
				LastSwiftUpdateCheck = 1140;
				LastUpgradeCheck = 1110;
				ORGANIZATIONNAME = "Stefan Trauth";
				TargetAttributes = {
					9F971E8C247ABFCB00A68959 = {
						CreatedOnToolsVersion = 11.4.1;
						TestTargetID = F8347589234C61CE00244D6F;
					};
					F8347589234C61CE00244D6F = {
						CreatedOnToolsVersion = 11.1;
					};
				};
			};
			buildConfigurationList = F8347585234C61CE00244D6F /* Build configuration list for PBXProject "Wegli" */;
			compatibilityVersion = "Xcode 9.3";
			developmentRegion = en;
			hasScannedForEncodings = 0;
			knownRegions = (
				en,
				Base,
			);
			mainGroup = F8347581234C61CE00244D6F;
			productRefGroup = F834758B234C61CE00244D6F /* Products */;
			projectDirPath = "";
			projectRoot = "";
			targets = (
				F8347589234C61CE00244D6F /* Wegli */,
				9F971E8C247ABFCB00A68959 /* WegliTests */,
			);
		};
/* End PBXProject section */

/* Begin PBXResourcesBuildPhase section */
		9F971E8B247ABFCB00A68959 /* Resources */ = {
			isa = PBXResourcesBuildPhase;
			buildActionMask = 2147483647;
			files = (
			);
			runOnlyForDeploymentPostprocessing = 0;
		};
		F8347588234C61CE00244D6F /* Resources */ = {
			isa = PBXResourcesBuildPhase;
			buildActionMask = 2147483647;
			files = (
				4C9F6DFA238DBA680072A63A /* 44.jpg in Resources */,
				4C9F6DF8238DBA680072A63A /* 91.jpg in Resources */,
				F834759A234C61CF00244D6F /* LaunchScreen.storyboard in Resources */,
				4C9F6DFE238DBA680072A63A /* 79.jpg in Resources */,
				4C9F6DF9238DBA680072A63A /* 56.jpg in Resources */,
				4C9F6DFB238DBA680072A63A /* 52.jpg in Resources */,
				4C9F6DFD238DBA680072A63A /* 39.jpg in Resources */,
				F8347597234C61CF00244D6F /* Preview Assets.xcassets in Resources */,
				4C9F6DFC238DBA680072A63A /* 36.jpg in Resources */,
				4C9F6DF7238DBA680072A63A /* 32.jpg in Resources */,
				F8347594234C61CF00244D6F /* Assets.xcassets in Resources */,
			);
			runOnlyForDeploymentPostprocessing = 0;
		};
/* End PBXResourcesBuildPhase section */

/* Begin PBXShellScriptBuildPhase section */
		513E4CC67A2D739A7460526E /* [CP] Check Pods Manifest.lock */ = {
			isa = PBXShellScriptBuildPhase;
			buildActionMask = 2147483647;
			files = (
			);
			inputFileListPaths = (
			);
			inputPaths = (
				"${PODS_PODFILE_DIR_PATH}/Podfile.lock",
				"${PODS_ROOT}/Manifest.lock",
			);
			name = "[CP] Check Pods Manifest.lock";
			outputFileListPaths = (
			);
			outputPaths = (
				"$(DERIVED_FILE_DIR)/Pods-Wegli-checkManifestLockResult.txt",
			);
			runOnlyForDeploymentPostprocessing = 0;
			shellPath = /bin/sh;
			shellScript = "diff \"${PODS_PODFILE_DIR_PATH}/Podfile.lock\" \"${PODS_ROOT}/Manifest.lock\" > /dev/null\nif [ $? != 0 ] ; then\n    # print error to STDERR\n    echo \"error: The sandbox is not in sync with the Podfile.lock. Run 'pod install' or update your CocoaPods installation.\" >&2\n    exit 1\nfi\n# This output is used by Xcode 'outputs' to avoid re-running this script phase.\necho \"SUCCESS\" > \"${SCRIPT_OUTPUT_FILE_0}\"\n";
			showEnvVarsInLog = 0;
		};
		87DF60F775981E5173C1A4EB /* [CP] Embed Pods Frameworks */ = {
			isa = PBXShellScriptBuildPhase;
			buildActionMask = 2147483647;
			files = (
			);
			inputFileListPaths = (
				"${PODS_ROOT}/Target Support Files/Pods-Wegli/Pods-Wegli-frameworks-${CONFIGURATION}-input-files.xcfilelist",
			);
			name = "[CP] Embed Pods Frameworks";
			outputFileListPaths = (
				"${PODS_ROOT}/Target Support Files/Pods-Wegli/Pods-Wegli-frameworks-${CONFIGURATION}-output-files.xcfilelist",
			);
			runOnlyForDeploymentPostprocessing = 0;
			shellPath = /bin/sh;
			shellScript = "\"${PODS_ROOT}/Target Support Files/Pods-Wegli/Pods-Wegli-frameworks.sh\"\n";
			showEnvVarsInLog = 0;
		};
/* End PBXShellScriptBuildPhase section */

/* Begin PBXSourcesBuildPhase section */
		9F971E89247ABFCB00A68959 /* Sources */ = {
			isa = PBXSourcesBuildPhase;
			buildActionMask = 2147483647;
			files = (
				9F971E90247ABFCB00A68959 /* WegliTests.swift in Sources */,
			);
			runOnlyForDeploymentPostprocessing = 0;
		};
		F8347586234C61CE00244D6F /* Sources */ = {
			isa = PBXSourcesBuildPhase;
			buildActionMask = 2147483647;
			files = (
				F8EDCA86234CBCE2001E8D9C /* ReportForm.swift in Sources */,
				F834758E234C61CE00244D6F /* AppDelegate.swift in Sources */,
				F8897520234E017D0014FCC8 /* PersonalData.swift in Sources */,
				F889751E234E01770014FCC8 /* Description.swift in Sources */,
				F8EDCA84234CBC81001E8D9C /* MainView.swift in Sources */,
				4C9F6DEB238DB7120072A63A /* NumberPlateRecognizerService.swift in Sources */,
				F8EDCA80234CB3CD001E8D9C /* SubmitButton.swift in Sources */,
				F889751C234E01700014FCC8 /* Location.swift in Sources */,
				F8EDCA82234CB8B7001E8D9C /* Widget.swift in Sources */,
				F889751A234E015E0014FCC8 /* Images.swift in Sources */,
				F8347590234C61CE00244D6F /* SceneDelegate.swift in Sources */,
				4C9F6DED238DB7C30072A63A /* NumberPlate.swift in Sources */,
				F83853CF234D11A900DF1A9D /* DiscardButton.swift in Sources */,
			);
			runOnlyForDeploymentPostprocessing = 0;
		};
/* End PBXSourcesBuildPhase section */

/* Begin PBXTargetDependency section */
		9F971E93247ABFCB00A68959 /* PBXTargetDependency */ = {
			isa = PBXTargetDependency;
			target = F8347589234C61CE00244D6F /* Wegli */;
			targetProxy = 9F971E92247ABFCB00A68959 /* PBXContainerItemProxy */;
		};
/* End PBXTargetDependency section */

/* Begin PBXVariantGroup section */
		F8347598234C61CF00244D6F /* LaunchScreen.storyboard */ = {
			isa = PBXVariantGroup;
			children = (
				F8347599234C61CF00244D6F /* Base */,
			);
			name = LaunchScreen.storyboard;
			sourceTree = "<group>";
		};
/* End PBXVariantGroup section */

/* Begin XCBuildConfiguration section */
		9F971E94247ABFCB00A68959 /* Debug */ = {
			isa = XCBuildConfiguration;
			buildSettings = {
				BUNDLE_LOADER = "$(TEST_HOST)";
				CODE_SIGN_STYLE = Automatic;
				DEVELOPMENT_TEAM = BP8836JVQR;
				INFOPLIST_FILE = WegliTests/Info.plist;
				IPHONEOS_DEPLOYMENT_TARGET = 13.4;
				LD_RUNPATH_SEARCH_PATHS = (
					"$(inherited)",
					"@executable_path/Frameworks",
					"@loader_path/Frameworks",
				);
				PRODUCT_BUNDLE_IDENTIFIER = de.stefantrauth.Wegli.WegliTests;
				PRODUCT_NAME = "$(TARGET_NAME)";
				SWIFT_VERSION = 5.0;
				TARGETED_DEVICE_FAMILY = "1,2";
				TEST_HOST = "$(BUILT_PRODUCTS_DIR)/Wegli.app/Wegli";
			};
			name = Debug;
		};
		9F971E95247ABFCB00A68959 /* Release */ = {
			isa = XCBuildConfiguration;
			buildSettings = {
				BUNDLE_LOADER = "$(TEST_HOST)";
				CODE_SIGN_STYLE = Automatic;
				DEVELOPMENT_TEAM = BP8836JVQR;
				INFOPLIST_FILE = WegliTests/Info.plist;
				IPHONEOS_DEPLOYMENT_TARGET = 13.4;
				LD_RUNPATH_SEARCH_PATHS = (
					"$(inherited)",
					"@executable_path/Frameworks",
					"@loader_path/Frameworks",
				);
				PRODUCT_BUNDLE_IDENTIFIER = de.stefantrauth.Wegli.WegliTests;
				PRODUCT_NAME = "$(TARGET_NAME)";
				SWIFT_VERSION = 5.0;
				TARGETED_DEVICE_FAMILY = "1,2";
				TEST_HOST = "$(BUILT_PRODUCTS_DIR)/Wegli.app/Wegli";
			};
			name = Release;
		};
		F834759C234C61CF00244D6F /* Debug */ = {
			isa = XCBuildConfiguration;
			buildSettings = {
				ALWAYS_SEARCH_USER_PATHS = NO;
				CLANG_ANALYZER_LOCALIZABILITY_NONLOCALIZED = YES;
				CLANG_ANALYZER_NONNULL = YES;
				CLANG_ANALYZER_NUMBER_OBJECT_CONVERSION = YES_AGGRESSIVE;
				CLANG_CXX_LANGUAGE_STANDARD = "gnu++14";
				CLANG_CXX_LIBRARY = "libc++";
				CLANG_ENABLE_MODULES = YES;
				CLANG_ENABLE_OBJC_ARC = YES;
				CLANG_ENABLE_OBJC_WEAK = YES;
				CLANG_WARN_BLOCK_CAPTURE_AUTORELEASING = YES;
				CLANG_WARN_BOOL_CONVERSION = YES;
				CLANG_WARN_COMMA = YES;
				CLANG_WARN_CONSTANT_CONVERSION = YES;
				CLANG_WARN_DEPRECATED_OBJC_IMPLEMENTATIONS = YES;
				CLANG_WARN_DIRECT_OBJC_ISA_USAGE = YES_ERROR;
				CLANG_WARN_DOCUMENTATION_COMMENTS = YES;
				CLANG_WARN_EMPTY_BODY = YES;
				CLANG_WARN_ENUM_CONVERSION = YES;
				CLANG_WARN_INFINITE_RECURSION = YES;
				CLANG_WARN_INT_CONVERSION = YES;
				CLANG_WARN_NON_LITERAL_NULL_CONVERSION = YES;
				CLANG_WARN_OBJC_IMPLICIT_RETAIN_SELF = YES;
				CLANG_WARN_OBJC_LITERAL_CONVERSION = YES;
				CLANG_WARN_OBJC_ROOT_CLASS = YES_ERROR;
				CLANG_WARN_RANGE_LOOP_ANALYSIS = YES;
				CLANG_WARN_STRICT_PROTOTYPES = YES;
				CLANG_WARN_SUSPICIOUS_MOVE = YES;
				CLANG_WARN_UNGUARDED_AVAILABILITY = YES_AGGRESSIVE;
				CLANG_WARN_UNREACHABLE_CODE = YES;
				CLANG_WARN__DUPLICATE_METHOD_MATCH = YES;
				COPY_PHASE_STRIP = NO;
				DEBUG_INFORMATION_FORMAT = dwarf;
				ENABLE_BITCODE = NO;
				ENABLE_STRICT_OBJC_MSGSEND = YES;
				ENABLE_TESTABILITY = YES;
				GCC_C_LANGUAGE_STANDARD = gnu11;
				GCC_DYNAMIC_NO_PIC = NO;
				GCC_NO_COMMON_BLOCKS = YES;
				GCC_OPTIMIZATION_LEVEL = 0;
				GCC_PREPROCESSOR_DEFINITIONS = (
					"DEBUG=1",
					"$(inherited)",
				);
				GCC_WARN_64_TO_32_BIT_CONVERSION = YES;
				GCC_WARN_ABOUT_RETURN_TYPE = YES_ERROR;
				GCC_WARN_UNDECLARED_SELECTOR = YES;
				GCC_WARN_UNINITIALIZED_AUTOS = YES_AGGRESSIVE;
				GCC_WARN_UNUSED_FUNCTION = YES;
				GCC_WARN_UNUSED_VARIABLE = YES;
				IPHONEOS_DEPLOYMENT_TARGET = 13.1;
				MTL_ENABLE_DEBUG_INFO = INCLUDE_SOURCE;
				MTL_FAST_MATH = YES;
				ONLY_ACTIVE_ARCH = YES;
				SDKROOT = iphoneos;
				SWIFT_ACTIVE_COMPILATION_CONDITIONS = DEBUG;
				SWIFT_OPTIMIZATION_LEVEL = "-Onone";
			};
			name = Debug;
		};
		F834759D234C61CF00244D6F /* Release */ = {
			isa = XCBuildConfiguration;
			buildSettings = {
				ALWAYS_SEARCH_USER_PATHS = NO;
				CLANG_ANALYZER_LOCALIZABILITY_NONLOCALIZED = YES;
				CLANG_ANALYZER_NONNULL = YES;
				CLANG_ANALYZER_NUMBER_OBJECT_CONVERSION = YES_AGGRESSIVE;
				CLANG_CXX_LANGUAGE_STANDARD = "gnu++14";
				CLANG_CXX_LIBRARY = "libc++";
				CLANG_ENABLE_MODULES = YES;
				CLANG_ENABLE_OBJC_ARC = YES;
				CLANG_ENABLE_OBJC_WEAK = YES;
				CLANG_WARN_BLOCK_CAPTURE_AUTORELEASING = YES;
				CLANG_WARN_BOOL_CONVERSION = YES;
				CLANG_WARN_COMMA = YES;
				CLANG_WARN_CONSTANT_CONVERSION = YES;
				CLANG_WARN_DEPRECATED_OBJC_IMPLEMENTATIONS = YES;
				CLANG_WARN_DIRECT_OBJC_ISA_USAGE = YES_ERROR;
				CLANG_WARN_DOCUMENTATION_COMMENTS = YES;
				CLANG_WARN_EMPTY_BODY = YES;
				CLANG_WARN_ENUM_CONVERSION = YES;
				CLANG_WARN_INFINITE_RECURSION = YES;
				CLANG_WARN_INT_CONVERSION = YES;
				CLANG_WARN_NON_LITERAL_NULL_CONVERSION = YES;
				CLANG_WARN_OBJC_IMPLICIT_RETAIN_SELF = YES;
				CLANG_WARN_OBJC_LITERAL_CONVERSION = YES;
				CLANG_WARN_OBJC_ROOT_CLASS = YES_ERROR;
				CLANG_WARN_RANGE_LOOP_ANALYSIS = YES;
				CLANG_WARN_STRICT_PROTOTYPES = YES;
				CLANG_WARN_SUSPICIOUS_MOVE = YES;
				CLANG_WARN_UNGUARDED_AVAILABILITY = YES_AGGRESSIVE;
				CLANG_WARN_UNREACHABLE_CODE = YES;
				CLANG_WARN__DUPLICATE_METHOD_MATCH = YES;
				COPY_PHASE_STRIP = NO;
				DEBUG_INFORMATION_FORMAT = "dwarf-with-dsym";
				ENABLE_BITCODE = NO;
				ENABLE_NS_ASSERTIONS = NO;
				ENABLE_STRICT_OBJC_MSGSEND = YES;
				GCC_C_LANGUAGE_STANDARD = gnu11;
				GCC_NO_COMMON_BLOCKS = YES;
				GCC_WARN_64_TO_32_BIT_CONVERSION = YES;
				GCC_WARN_ABOUT_RETURN_TYPE = YES_ERROR;
				GCC_WARN_UNDECLARED_SELECTOR = YES;
				GCC_WARN_UNINITIALIZED_AUTOS = YES_AGGRESSIVE;
				GCC_WARN_UNUSED_FUNCTION = YES;
				GCC_WARN_UNUSED_VARIABLE = YES;
				IPHONEOS_DEPLOYMENT_TARGET = 13.1;
				MTL_ENABLE_DEBUG_INFO = NO;
				MTL_FAST_MATH = YES;
				SDKROOT = iphoneos;
				SWIFT_COMPILATION_MODE = wholemodule;
				SWIFT_OPTIMIZATION_LEVEL = "-O";
				VALIDATE_PRODUCT = YES;
			};
			name = Release;
		};
		F834759F234C61CF00244D6F /* Debug */ = {
			isa = XCBuildConfiguration;
			baseConfigurationReference = 7FA7139CE4B240CB5CB9C8C2 /* Pods-Wegli.debug.xcconfig */;
			buildSettings = {
				ASSETCATALOG_COMPILER_APPICON_NAME = AppIcon;
				CODE_SIGN_STYLE = Automatic;
				DEVELOPMENT_ASSET_PATHS = "\"Wegli/Preview Content\"";
				DEVELOPMENT_TEAM = 6E5RVX7ELK;
				ENABLE_BITCODE = NO;
				ENABLE_PREVIEWS = YES;
				INFOPLIST_FILE = Wegli/Info.plist;
				LD_RUNPATH_SEARCH_PATHS = (
					"$(inherited)",
					"@executable_path/Frameworks",
				);
				PRODUCT_BUNDLE_IDENTIFIER = de.stefantrauth.Wegli;
				PRODUCT_NAME = "$(TARGET_NAME)";
				SWIFT_VERSION = 5.0;
				TARGETED_DEVICE_FAMILY = "1,2";
			};
			name = Debug;
		};
		F83475A0234C61CF00244D6F /* Release */ = {
			isa = XCBuildConfiguration;
			baseConfigurationReference = 8122F80CC0E06A65DDFA3C3B /* Pods-Wegli.release.xcconfig */;
			buildSettings = {
				ASSETCATALOG_COMPILER_APPICON_NAME = AppIcon;
				CODE_SIGN_STYLE = Automatic;
				DEVELOPMENT_ASSET_PATHS = "\"Wegli/Preview Content\"";
				DEVELOPMENT_TEAM = 6E5RVX7ELK;
				ENABLE_BITCODE = NO;
				ENABLE_PREVIEWS = YES;
				INFOPLIST_FILE = Wegli/Info.plist;
				LD_RUNPATH_SEARCH_PATHS = (
					"$(inherited)",
					"@executable_path/Frameworks",
				);
				PRODUCT_BUNDLE_IDENTIFIER = de.stefantrauth.Wegli;
				PRODUCT_NAME = "$(TARGET_NAME)";
				SWIFT_VERSION = 5.0;
				TARGETED_DEVICE_FAMILY = "1,2";
			};
			name = Release;
		};
/* End XCBuildConfiguration section */

/* Begin XCConfigurationList section */
		9F971E96247ABFCB00A68959 /* Build configuration list for PBXNativeTarget "WegliTests" */ = {
			isa = XCConfigurationList;
			buildConfigurations = (
				9F971E94247ABFCB00A68959 /* Debug */,
				9F971E95247ABFCB00A68959 /* Release */,
			);
			defaultConfigurationIsVisible = 0;
			defaultConfigurationName = Release;
		};
		F8347585234C61CE00244D6F /* Build configuration list for PBXProject "Wegli" */ = {
			isa = XCConfigurationList;
			buildConfigurations = (
				F834759C234C61CF00244D6F /* Debug */,
				F834759D234C61CF00244D6F /* Release */,
			);
			defaultConfigurationIsVisible = 0;
			defaultConfigurationName = Release;
		};
		F834759E234C61CF00244D6F /* Build configuration list for PBXNativeTarget "Wegli" */ = {
			isa = XCConfigurationList;
			buildConfigurations = (
				F834759F234C61CF00244D6F /* Debug */,
				F83475A0234C61CF00244D6F /* Release */,
			);
			defaultConfigurationIsVisible = 0;
			defaultConfigurationName = Release;
		};
/* End XCConfigurationList section */
	};
	rootObject = F8347582234C61CE00244D6F /* Project object */;
}
