PODS:
  - OpenALPRSwift (1.0.0):
    - OpenCV (~> 3.1.0.1)
  - OpenCV (3.1.0.1)

DEPENDENCIES:
  - OpenALPRSwift (from `https://github.com/eugenpirogoff/openalpr-swift.git`, tag `v1.0.0`)

SPEC REPOS:
  trunk:
    - OpenCV

EXTERNAL SOURCES:
  OpenALPRSwift:
    :git: https://github.com/eugenpirogoff/openalpr-swift.git
    :tag: v1.0.0

CHECKOUT OPTIONS:
  OpenALPRSwift:
    :git: https://github.com/eugenpirogoff/openalpr-swift.git
    :tag: v1.0.0

SPEC CHECKSUMS:
  OpenALPRSwift: 6ef3a9fccf1ca48a125407236b99540bbeabdfe5
  OpenCV: 41c4250e2b06a394d6fbb634b5fa622cdd846018

PODFILE CHECKSUM: 6ecde4f99b81d7f5ea2dd687991b75467b22c32c

COCOAPODS: 1.8.3
